// !$*UTF8*$!
{
	archiveVersion = 1;
	classes = {
	};
	objectVersion = 56;
	objects = {

/* Begin PBXBuildFile section */
		1F100F402CFCA3A200130BA9 /* CustomTextModifier.swift in Sources */ = {isa = PBXBuildFile; fileRef = 1F100F3F2CFCA3A200130BA9 /* CustomTextModifier.swift */; };
		1F100F422CFCA3B300130BA9 /* OnboardingHeaderView.swift in Sources */ = {isa = PBXBuildFile; fileRef = 1F100F412CFCA3B300130BA9 /* OnboardingHeaderView.swift */; };
		1F100F442CFCA3F000130BA9 /* RoutineCycleViewModel.swift in Sources */ = {isa = PBXBuildFile; fileRef = 1F100F432CFCA3F000130BA9 /* RoutineCycleViewModel.swift */; };
		1F100F462CFCA45300130BA9 /* CloverCardView.swift in Sources */ = {isa = PBXBuildFile; fileRef = 1F100F452CFCA45300130BA9 /* CloverCardView.swift */; };
		1F100F482CFCA47800130BA9 /* CloverCardViewModel.swift in Sources */ = {isa = PBXBuildFile; fileRef = 1F100F472CFCA47800130BA9 /* CloverCardViewModel.swift */; };
		1F100F4A2CFCA49200130BA9 /* CloverCard.swift in Sources */ = {isa = PBXBuildFile; fileRef = 1F100F492CFCA49200130BA9 /* CloverCard.swift */; };
		1F100F4D2CFCA5B100130BA9 /* DaysCycleCell.swift in Sources */ = {isa = PBXBuildFile; fileRef = 1F100F4C2CFCA5B100130BA9 /* DaysCycleCell.swift */; };
		1F100F4F2CFCA5CF00130BA9 /* DaysCycleCellButton.swift in Sources */ = {isa = PBXBuildFile; fileRef = 1F100F4E2CFCA5CF00130BA9 /* DaysCycleCellButton.swift */; };
		1F100F512CFCA62000130BA9 /* CloverCardProgressBar.swift in Sources */ = {isa = PBXBuildFile; fileRef = 1F100F502CFCA62000130BA9 /* CloverCardProgressBar.swift */; };
		1F18DD862CEA3869000F0E3E /* Clover.swift in Sources */ = {isa = PBXBuildFile; fileRef = 1F18DD852CEA3869000F0E3E /* Clover.swift */; };
		1F42BE7E2CDF826D00A59703 /* Pretendard-ExtraBold.otf in Resources */ = {isa = PBXBuildFile; fileRef = 1F42BE752CDF826C00A59703 /* Pretendard-ExtraBold.otf */; };
		1F42BE7F2CDF826D00A59703 /* Pretendard-Bold.otf in Resources */ = {isa = PBXBuildFile; fileRef = 1F42BE762CDF826C00A59703 /* Pretendard-Bold.otf */; };
		1F42BE802CDF826D00A59703 /* Pretendard-Medium.otf in Resources */ = {isa = PBXBuildFile; fileRef = 1F42BE772CDF826C00A59703 /* Pretendard-Medium.otf */; };
		1F42BE812CDF826D00A59703 /* Pretendard-Regular.otf in Resources */ = {isa = PBXBuildFile; fileRef = 1F42BE782CDF826C00A59703 /* Pretendard-Regular.otf */; };
		1F42BE822CDF826D00A59703 /* Pretendard-Thin.otf in Resources */ = {isa = PBXBuildFile; fileRef = 1F42BE792CDF826C00A59703 /* Pretendard-Thin.otf */; };
		1F42BE832CDF826D00A59703 /* Pretendard-SemiBold.otf in Resources */ = {isa = PBXBuildFile; fileRef = 1F42BE7A2CDF826C00A59703 /* Pretendard-SemiBold.otf */; };
		1F42BE842CDF826D00A59703 /* Pretendard-Light.otf in Resources */ = {isa = PBXBuildFile; fileRef = 1F42BE7B2CDF826D00A59703 /* Pretendard-Light.otf */; };
		1F42BE852CDF826D00A59703 /* Pretendard-Black.otf in Resources */ = {isa = PBXBuildFile; fileRef = 1F42BE7C2CDF826D00A59703 /* Pretendard-Black.otf */; };
		1F42BE862CDF826D00A59703 /* Pretendard-ExtraLight.otf in Resources */ = {isa = PBXBuildFile; fileRef = 1F42BE7D2CDF826D00A59703 /* Pretendard-ExtraLight.otf */; };
		1F42BE892CDF838500A59703 /* Font+.swift in Sources */ = {isa = PBXBuildFile; fileRef = 1F42BE882CDF838500A59703 /* Font+.swift */; };
		1F4D8BF02CDF4F9E00A0B5CC /* OnboardingStartView.swift in Sources */ = {isa = PBXBuildFile; fileRef = 1F4D8BEF2CDF4F9E00A0B5CC /* OnboardingStartView.swift */; };
		1F4D8BF22CDF4FC300A0B5CC /* Onboarding.swift in Sources */ = {isa = PBXBuildFile; fileRef = 1F4D8BF12CDF4FC300A0B5CC /* Onboarding.swift */; };
		1F599E262CE5DEBE00788D07 /* SettingView.swift in Sources */ = {isa = PBXBuildFile; fileRef = 1F599E252CE5DEBE00788D07 /* SettingView.swift */; };
		1F599E282CE5F29500788D07 /* EditNicknameSheetView.swift in Sources */ = {isa = PBXBuildFile; fileRef = 1F599E272CE5F29500788D07 /* EditNicknameSheetView.swift */; };
		1F599E2A2CE5F77000788D07 /* Profile.swift in Sources */ = {isa = PBXBuildFile; fileRef = 1F599E292CE5F77000788D07 /* Profile.swift */; };
		1F599E2D2CE6430D00788D07 /* StatisticViewModel.swift in Sources */ = {isa = PBXBuildFile; fileRef = 1F599E2C2CE6430D00788D07 /* StatisticViewModel.swift */; };
		1F599E302CE6640600788D07 /* AchievedRow.swift in Sources */ = {isa = PBXBuildFile; fileRef = 1F599E2F2CE6640500788D07 /* AchievedRow.swift */; };
		1F599E322CE6642900788D07 /* NotificationRow.swift in Sources */ = {isa = PBXBuildFile; fileRef = 1F599E312CE6642900788D07 /* NotificationRow.swift */; };
		1F599E342CE6643B00788D07 /* FontRow.swift in Sources */ = {isa = PBXBuildFile; fileRef = 1F599E332CE6643B00788D07 /* FontRow.swift */; };
		1F599E362CE6648B00788D07 /* PrivacyPolicyRow.swift in Sources */ = {isa = PBXBuildFile; fileRef = 1F599E352CE6648B00788D07 /* PrivacyPolicyRow.swift */; };
		1F599E382CE664B100788D07 /* TermsRow.swift in Sources */ = {isa = PBXBuildFile; fileRef = 1F599E372CE664B100788D07 /* TermsRow.swift */; };
		1F599E3A2CE66AA300788D07 /* SettingViewModel.swift in Sources */ = {isa = PBXBuildFile; fileRef = 1F599E392CE66AA300788D07 /* SettingViewModel.swift */; };
		1F62B8F12CF18AE4004A3F0B /* WeeklyResetManager.swift in Sources */ = {isa = PBXBuildFile; fileRef = 1F62B8F02CF18AE4004A3F0B /* WeeklyResetManager.swift */; };
		1F79EDCE2CC0A25D0079088B /* OneByteApp.swift in Sources */ = {isa = PBXBuildFile; fileRef = 1F79EDCD2CC0A25D0079088B /* OneByteApp.swift */; };
		1F79EDD22CC0A25E0079088B /* Assets.xcassets in Resources */ = {isa = PBXBuildFile; fileRef = 1F79EDD12CC0A25E0079088B /* Assets.xcassets */; };
		1F79EDD52CC0A25E0079088B /* Preview Assets.xcassets in Resources */ = {isa = PBXBuildFile; fileRef = 1F79EDD42CC0A25E0079088B /* Preview Assets.xcassets */; };
		1F7C9C282CD083CC00BAC358 /* GoalModels.swift in Sources */ = {isa = PBXBuildFile; fileRef = 1F7C9C272CD083CC00BAC358 /* GoalModels.swift */; };
		1F8591182CC0A68500253B38 /* .gitignore in Resources */ = {isa = PBXBuildFile; fileRef = 1F8591172CC0A68500253B38 /* .gitignore */; };
		1F88AB392CD607F90009730D /* NavigationManager.swift in Sources */ = {isa = PBXBuildFile; fileRef = 1F88AB382CD607F90009730D /* NavigationManager.swift */; };
		1F88AB412CD6101C0009730D /* Date+.swift in Sources */ = {isa = PBXBuildFile; fileRef = 1F88AB402CD6101C0009730D /* Date+.swift */; };
		1FA420942CC0DC19001CB92D /* Color+.swift in Sources */ = {isa = PBXBuildFile; fileRef = 1FA420932CC0DC19001CB92D /* Color+.swift */; };
		1FA50DEE2CE0B25C00369F7F /* UIApplication+.swift in Sources */ = {isa = PBXBuildFile; fileRef = 1FA50DED2CE0B25C00369F7F /* UIApplication+.swift */; };
		1FB10A252CDF511600D54EC5 /* GoButton.swift in Sources */ = {isa = PBXBuildFile; fileRef = 1FB10A242CDF511600D54EC5 /* GoButton.swift */; };
		1FB10A292CDF515300D54EC5 /* ReadyCycleView.swift in Sources */ = {isa = PBXBuildFile; fileRef = 1FB10A282CDF515300D54EC5 /* ReadyCycleView.swift */; };
		1FB10A2C2CDF52E600D54EC5 /* OnboardingProgressBar.swift in Sources */ = {isa = PBXBuildFile; fileRef = 1FB10A2B2CDF52E600D54EC5 /* OnboardingProgressBar.swift */; };
		1FB10A2E2CDF54B400D54EC5 /* EnterMaingoalView.swift in Sources */ = {isa = PBXBuildFile; fileRef = 1FB10A2D2CDF54B400D54EC5 /* EnterMaingoalView.swift */; };
		1FB10A302CDF55AA00D54EC5 /* SubgoalCycleView.swift in Sources */ = {isa = PBXBuildFile; fileRef = 1FB10A2F2CDF55AA00D54EC5 /* SubgoalCycleView.swift */; };
		1FB10A322CDF56E200D54EC5 /* RoutineCycleView.swift in Sources */ = {isa = PBXBuildFile; fileRef = 1FB10A312CDF56E200D54EC5 /* RoutineCycleView.swift */; };
		1FB10A342CDF593600D54EC5 /* OnboardingFinishView.swift in Sources */ = {isa = PBXBuildFile; fileRef = 1FB10A332CDF593600D54EC5 /* OnboardingFinishView.swift */; };
		1FB10A382CDF5FE800D54EC5 /* OnboardingExplain.swift in Sources */ = {isa = PBXBuildFile; fileRef = 1FB10A372CDF5FE800D54EC5 /* OnboardingExplain.swift */; };
		1FB10A3A2CDF60D100D54EC5 /* OnboardingExplainPageView.swift in Sources */ = {isa = PBXBuildFile; fileRef = 1FB10A392CDF60D100D54EC5 /* OnboardingExplainPageView.swift */; };
		1FB10A3C2CDF78C400D54EC5 /* NextButton.swift in Sources */ = {isa = PBXBuildFile; fileRef = 1FB10A3B2CDF78C400D54EC5 /* NextButton.swift */; };
		1FB10A402CDF7F4B00D54EC5 /* OnboardingStartViewModel.swift in Sources */ = {isa = PBXBuildFile; fileRef = 1FB10A3F2CDF7F4B00D54EC5 /* OnboardingStartViewModel.swift */; };
		1FC686362CF78276008F399F /* TodayRoutineCell.swift in Sources */ = {isa = PBXBuildFile; fileRef = 1FC686352CF78276008F399F /* TodayRoutineCell.swift */; };
		1FC686382CF782FB008F399F /* WeekAchieveCell.swift in Sources */ = {isa = PBXBuildFile; fileRef = 1FC686372CF782FB008F399F /* WeekAchieveCell.swift */; };
		1FD405232CEC74E800403A19 /* AllRoutineView.swift in Sources */ = {isa = PBXBuildFile; fileRef = 1FD405222CEC74E800403A19 /* AllRoutineView.swift */; };
		1FD405252CEC79DD00403A19 /* TodayRoutineView.swift in Sources */ = {isa = PBXBuildFile; fileRef = 1FD405242CEC79DD00403A19 /* TodayRoutineView.swift */; };
		1FD4052A2CECBFCB00403A19 /* RoutineModel.swift in Sources */ = {isa = PBXBuildFile; fileRef = 1FD405292CECBFCB00403A19 /* RoutineModel.swift */; };
		1FD4052C2CECBFF900403A19 /* RoutineMainViewModel.swift in Sources */ = {isa = PBXBuildFile; fileRef = 1FD4052B2CECBFF900403A19 /* RoutineMainViewModel.swift */; };
		1FD405302CECC42500403A19 /* AllRoutineViewModel.swift in Sources */ = {isa = PBXBuildFile; fileRef = 1FD4052F2CECC42500403A19 /* AllRoutineViewModel.swift */; };
		1FD405362CECE6F800403A19 /* TodayRouitneTypeHeaderView.swift in Sources */ = {isa = PBXBuildFile; fileRef = 1FD405352CECE6F800403A19 /* TodayRouitneTypeHeaderView.swift */; };
		1FD405382CECE7B400403A19 /* TodayRoutineViewModel.swift in Sources */ = {isa = PBXBuildFile; fileRef = 1FD405372CECE7B400403A19 /* TodayRoutineViewModel.swift */; };
		1FD4053C2CED987700403A19 /* TurtleMessageView.swift in Sources */ = {isa = PBXBuildFile; fileRef = 1FD4053B2CED987700403A19 /* TurtleMessageView.swift */; };
		1FE27C712CF0B7F600A4C6BE /* DaysCycleView.swift in Sources */ = {isa = PBXBuildFile; fileRef = 1FE27C702CF0B7F600A4C6BE /* DaysCycleView.swift */; };
		1FE27C752CF0C8AF00A4C6BE /* CompleteCycleView.swift in Sources */ = {isa = PBXBuildFile; fileRef = 1FE27C742CF0C8AF00A4C6BE /* CompleteCycleView.swift */; };
		1FE2B8D62CDFAF8600781E20 /* Int+GridExtensions.swift in Sources */ = {isa = PBXBuildFile; fileRef = 1FE2B8D52CDFAF8600781E20 /* Int+GridExtensions.swift */; };
		1FFD92942CFEA26B003E9D16 /* Lottie in Frameworks */ = {isa = PBXBuildFile; productRef = 1FFD92932CFEA26B003E9D16 /* Lottie */; };
		1FFD92962CFEA2D2003E9D16 /* RoutineTurtleLottie.swift in Sources */ = {isa = PBXBuildFile; fileRef = 1FFD92952CFEA2D2003E9D16 /* RoutineTurtleLottie.swift */; };
		1FFD92982CFEA38B003E9D16 /* RoutineTurtle.json in Resources */ = {isa = PBXBuildFile; fileRef = 1FFD92972CFEA38B003E9D16 /* RoutineTurtle.json */; };
		1FFD929A2CFECF5A003E9D16 /* MandalartTurtle.json in Resources */ = {isa = PBXBuildFile; fileRef = 1FFD92992CFECF5A003E9D16 /* MandalartTurtle.json */; };
		610595CE2CE2140D005ED7B4 /* SubGoalCell.swift in Sources */ = {isa = PBXBuildFile; fileRef = 610595CD2CE2140D005ED7B4 /* SubGoalCell.swift */; };
		610595D22CE214CE005ED7B4 /* SubGoalDetailGridView.swift in Sources */ = {isa = PBXBuildFile; fileRef = 610595D12CE214CE005ED7B4 /* SubGoalDetailGridView.swift */; };
		610595D42CE21505005ED7B4 /* MainGoalSheetView.swift in Sources */ = {isa = PBXBuildFile; fileRef = 610595D32CE21505005ED7B4 /* MainGoalSheetView.swift */; };
		610595D62CE23653005ED7B4 /* DeleteService.swift in Sources */ = {isa = PBXBuildFile; fileRef = 610595D52CE23653005ED7B4 /* DeleteService.swift */; };
		610595D92CE2584D005ED7B4 /* MadalartShape.swift in Sources */ = {isa = PBXBuildFile; fileRef = 610595D82CE2584D005ED7B4 /* MadalartShape.swift */; };
		610595DD2CE2EA6C005ED7B4 /* DetailGoalView.swift in Sources */ = {isa = PBXBuildFile; fileRef = 610595DC2CE2EA6C005ED7B4 /* DetailGoalView.swift */; };
		6107A3CF2CFED42E001189FA /* MandalartMessageView.swift in Sources */ = {isa = PBXBuildFile; fileRef = 6107A3CE2CFED42E001189FA /* MandalartMessageView.swift */; };
		613904E82CD20457008E591D /* MandalartView.swift in Sources */ = {isa = PBXBuildFile; fileRef = 613904E72CD20457008E591D /* MandalartView.swift */; };
		613904EA2CD21A0B008E591D /* MandalartViewModel.swift in Sources */ = {isa = PBXBuildFile; fileRef = 613904E92CD21A0B008E591D /* MandalartViewModel.swift */; };
		615A0A0B2CC0ADA800908531 /* TabBarManager.swift in Sources */ = {isa = PBXBuildFile; fileRef = 615A0A0A2CC0ADA800908531 /* TabBarManager.swift */; };
		615A0A0D2CC0AE8700908531 /* RoutineMainView.swift in Sources */ = {isa = PBXBuildFile; fileRef = 615A0A0C2CC0AE8700908531 /* RoutineMainView.swift */; };
		615A0A112CC0AEB800908531 /* StatisticView.swift in Sources */ = {isa = PBXBuildFile; fileRef = 615A0A102CC0AEB800908531 /* StatisticView.swift */; };
		617816202CE5DF6A00834AAD /* DateManager.swift in Sources */ = {isa = PBXBuildFile; fileRef = 6178161F2CE5DF6A00834AAD /* DateManager.swift */; };
		618FD0742CDF11210003450D /* CreateService.swift in Sources */ = {isa = PBXBuildFile; fileRef = 618FD0732CDF11210003450D /* CreateService.swift */; };
		618FD0762CDF11410003450D /* UpdateService.swift in Sources */ = {isa = PBXBuildFile; fileRef = 618FD0752CDF11410003450D /* UpdateService.swift */; };
		618FD0782CDF11760003450D /* Protocol.swift in Sources */ = {isa = PBXBuildFile; fileRef = 618FD0772CDF11760003450D /* Protocol.swift */; };
		61CC00FD2CF0276B0009D063 /* DetailGoalColor.swift in Sources */ = {isa = PBXBuildFile; fileRef = 61CC00FC2CF0276B0009D063 /* DetailGoalColor.swift */; };
		61CC01012CF6CBD00009D063 /* DayButton.swift in Sources */ = {isa = PBXBuildFile; fileRef = 61CC01002CF6CBD00009D063 /* DayButton.swift */; };
		61CC01052CF74D190009D063 /* SubGoalView.swift in Sources */ = {isa = PBXBuildFile; fileRef = 61CC01042CF74D190009D063 /* SubGoalView.swift */; };
		61E28B822CEE01FE000F77FB /* Notification.swift in Sources */ = {isa = PBXBuildFile; fileRef = 61E28B812CEE01FE000F77FB /* Notification.swift */; };
		61FA4DF32CE77EDD00256B57 /* BackButtonToolbarModifier.swift in Sources */ = {isa = PBXBuildFile; fileRef = 61FA4DF22CE77EDD00256B57 /* BackButtonToolbarModifier.swift */; };
		61FA4DF52CE7803600256B57 /* View+.swift in Sources */ = {isa = PBXBuildFile; fileRef = 61FA4DF42CE7803600256B57 /* View+.swift */; };
		A14A18EE2CFF2B970013050F /* SpecificTagger4192.mlmodel in Sources */ = {isa = PBXBuildFile; fileRef = A14A18ED2CFF2B970013050F /* SpecificTagger4192.mlmodel */; };
/* End PBXBuildFile section */

/* Begin PBXFileReference section */
		1F100F3F2CFCA3A200130BA9 /* CustomTextModifier.swift */ = {isa = PBXFileReference; lastKnownFileType = sourcecode.swift; path = CustomTextModifier.swift; sourceTree = "<group>"; };
		1F100F412CFCA3B300130BA9 /* OnboardingHeaderView.swift */ = {isa = PBXFileReference; lastKnownFileType = sourcecode.swift; path = OnboardingHeaderView.swift; sourceTree = "<group>"; };
		1F100F432CFCA3F000130BA9 /* RoutineCycleViewModel.swift */ = {isa = PBXFileReference; lastKnownFileType = sourcecode.swift; path = RoutineCycleViewModel.swift; sourceTree = "<group>"; };
		1F100F452CFCA45300130BA9 /* CloverCardView.swift */ = {isa = PBXFileReference; lastKnownFileType = sourcecode.swift; path = CloverCardView.swift; sourceTree = "<group>"; };
		1F100F472CFCA47800130BA9 /* CloverCardViewModel.swift */ = {isa = PBXFileReference; lastKnownFileType = sourcecode.swift; path = CloverCardViewModel.swift; sourceTree = "<group>"; };
		1F100F492CFCA49200130BA9 /* CloverCard.swift */ = {isa = PBXFileReference; lastKnownFileType = sourcecode.swift; path = CloverCard.swift; sourceTree = "<group>"; };
		1F100F4C2CFCA5B100130BA9 /* DaysCycleCell.swift */ = {isa = PBXFileReference; lastKnownFileType = sourcecode.swift; path = DaysCycleCell.swift; sourceTree = "<group>"; };
		1F100F4E2CFCA5CF00130BA9 /* DaysCycleCellButton.swift */ = {isa = PBXFileReference; lastKnownFileType = sourcecode.swift; path = DaysCycleCellButton.swift; sourceTree = "<group>"; };
		1F100F502CFCA62000130BA9 /* CloverCardProgressBar.swift */ = {isa = PBXFileReference; lastKnownFileType = sourcecode.swift; path = CloverCardProgressBar.swift; sourceTree = "<group>"; };
		1F18DD852CEA3869000F0E3E /* Clover.swift */ = {isa = PBXFileReference; lastKnownFileType = sourcecode.swift; path = Clover.swift; sourceTree = "<group>"; };
		1F42BE752CDF826C00A59703 /* Pretendard-ExtraBold.otf */ = {isa = PBXFileReference; lastKnownFileType = file; path = "Pretendard-ExtraBold.otf"; sourceTree = "<group>"; };
		1F42BE762CDF826C00A59703 /* Pretendard-Bold.otf */ = {isa = PBXFileReference; lastKnownFileType = file; path = "Pretendard-Bold.otf"; sourceTree = "<group>"; };
		1F42BE772CDF826C00A59703 /* Pretendard-Medium.otf */ = {isa = PBXFileReference; lastKnownFileType = file; path = "Pretendard-Medium.otf"; sourceTree = "<group>"; };
		1F42BE782CDF826C00A59703 /* Pretendard-Regular.otf */ = {isa = PBXFileReference; lastKnownFileType = file; path = "Pretendard-Regular.otf"; sourceTree = "<group>"; };
		1F42BE792CDF826C00A59703 /* Pretendard-Thin.otf */ = {isa = PBXFileReference; lastKnownFileType = file; path = "Pretendard-Thin.otf"; sourceTree = "<group>"; };
		1F42BE7A2CDF826C00A59703 /* Pretendard-SemiBold.otf */ = {isa = PBXFileReference; lastKnownFileType = file; path = "Pretendard-SemiBold.otf"; sourceTree = "<group>"; };
		1F42BE7B2CDF826D00A59703 /* Pretendard-Light.otf */ = {isa = PBXFileReference; lastKnownFileType = file; path = "Pretendard-Light.otf"; sourceTree = "<group>"; };
		1F42BE7C2CDF826D00A59703 /* Pretendard-Black.otf */ = {isa = PBXFileReference; lastKnownFileType = file; path = "Pretendard-Black.otf"; sourceTree = "<group>"; };
		1F42BE7D2CDF826D00A59703 /* Pretendard-ExtraLight.otf */ = {isa = PBXFileReference; lastKnownFileType = file; path = "Pretendard-ExtraLight.otf"; sourceTree = "<group>"; };
		1F42BE872CDF82DF00A59703 /* Info.plist */ = {isa = PBXFileReference; lastKnownFileType = text.plist; path = Info.plist; sourceTree = "<group>"; };
		1F42BE882CDF838500A59703 /* Font+.swift */ = {isa = PBXFileReference; lastKnownFileType = sourcecode.swift; path = "Font+.swift"; sourceTree = "<group>"; };
		1F4D8BEF2CDF4F9E00A0B5CC /* OnboardingStartView.swift */ = {isa = PBXFileReference; lastKnownFileType = sourcecode.swift; path = OnboardingStartView.swift; sourceTree = "<group>"; };
		1F4D8BF12CDF4FC300A0B5CC /* Onboarding.swift */ = {isa = PBXFileReference; lastKnownFileType = sourcecode.swift; path = Onboarding.swift; sourceTree = "<group>"; };
		1F599E252CE5DEBE00788D07 /* SettingView.swift */ = {isa = PBXFileReference; lastKnownFileType = sourcecode.swift; path = SettingView.swift; sourceTree = "<group>"; };
		1F599E272CE5F29500788D07 /* EditNicknameSheetView.swift */ = {isa = PBXFileReference; lastKnownFileType = sourcecode.swift; path = EditNicknameSheetView.swift; sourceTree = "<group>"; };
		1F599E292CE5F77000788D07 /* Profile.swift */ = {isa = PBXFileReference; lastKnownFileType = sourcecode.swift; path = Profile.swift; sourceTree = "<group>"; };
		1F599E2C2CE6430D00788D07 /* StatisticViewModel.swift */ = {isa = PBXFileReference; lastKnownFileType = sourcecode.swift; path = StatisticViewModel.swift; sourceTree = "<group>"; };
		1F599E2F2CE6640500788D07 /* AchievedRow.swift */ = {isa = PBXFileReference; lastKnownFileType = sourcecode.swift; path = AchievedRow.swift; sourceTree = "<group>"; };
		1F599E312CE6642900788D07 /* NotificationRow.swift */ = {isa = PBXFileReference; lastKnownFileType = sourcecode.swift; path = NotificationRow.swift; sourceTree = "<group>"; };
		1F599E332CE6643B00788D07 /* FontRow.swift */ = {isa = PBXFileReference; lastKnownFileType = sourcecode.swift; path = FontRow.swift; sourceTree = "<group>"; };
		1F599E352CE6648B00788D07 /* PrivacyPolicyRow.swift */ = {isa = PBXFileReference; lastKnownFileType = sourcecode.swift; path = PrivacyPolicyRow.swift; sourceTree = "<group>"; };
		1F599E372CE664B100788D07 /* TermsRow.swift */ = {isa = PBXFileReference; lastKnownFileType = sourcecode.swift; path = TermsRow.swift; sourceTree = "<group>"; };
		1F599E392CE66AA300788D07 /* SettingViewModel.swift */ = {isa = PBXFileReference; lastKnownFileType = sourcecode.swift; path = SettingViewModel.swift; sourceTree = "<group>"; };
		1F62B8F02CF18AE4004A3F0B /* WeeklyResetManager.swift */ = {isa = PBXFileReference; lastKnownFileType = sourcecode.swift; path = WeeklyResetManager.swift; sourceTree = "<group>"; };
		1F79EDCA2CC0A25D0079088B /* OneByte.app */ = {isa = PBXFileReference; explicitFileType = wrapper.application; includeInIndex = 0; path = OneByte.app; sourceTree = BUILT_PRODUCTS_DIR; };
		1F79EDCD2CC0A25D0079088B /* OneByteApp.swift */ = {isa = PBXFileReference; lastKnownFileType = sourcecode.swift; path = OneByteApp.swift; sourceTree = "<group>"; };
		1F79EDD12CC0A25E0079088B /* Assets.xcassets */ = {isa = PBXFileReference; lastKnownFileType = folder.assetcatalog; path = Assets.xcassets; sourceTree = "<group>"; };
		1F79EDD42CC0A25E0079088B /* Preview Assets.xcassets */ = {isa = PBXFileReference; lastKnownFileType = folder.assetcatalog; path = "Preview Assets.xcassets"; sourceTree = "<group>"; };
		1F7C9C272CD083CC00BAC358 /* GoalModels.swift */ = {isa = PBXFileReference; lastKnownFileType = sourcecode.swift; path = GoalModels.swift; sourceTree = "<group>"; };
		1F8591172CC0A68500253B38 /* .gitignore */ = {isa = PBXFileReference; lastKnownFileType = text; path = .gitignore; sourceTree = "<group>"; };
		1F88AB382CD607F90009730D /* NavigationManager.swift */ = {isa = PBXFileReference; lastKnownFileType = sourcecode.swift; path = NavigationManager.swift; sourceTree = "<group>"; };
		1F88AB402CD6101C0009730D /* Date+.swift */ = {isa = PBXFileReference; lastKnownFileType = sourcecode.swift; path = "Date+.swift"; sourceTree = "<group>"; };
		1FA420932CC0DC19001CB92D /* Color+.swift */ = {isa = PBXFileReference; lastKnownFileType = sourcecode.swift; path = "Color+.swift"; sourceTree = "<group>"; };
		1FA50DED2CE0B25C00369F7F /* UIApplication+.swift */ = {isa = PBXFileReference; lastKnownFileType = sourcecode.swift; path = "UIApplication+.swift"; sourceTree = "<group>"; };
		1FB10A242CDF511600D54EC5 /* GoButton.swift */ = {isa = PBXFileReference; lastKnownFileType = sourcecode.swift; path = GoButton.swift; sourceTree = "<group>"; };
		1FB10A282CDF515300D54EC5 /* ReadyCycleView.swift */ = {isa = PBXFileReference; lastKnownFileType = sourcecode.swift; path = ReadyCycleView.swift; sourceTree = "<group>"; };
		1FB10A2B2CDF52E600D54EC5 /* OnboardingProgressBar.swift */ = {isa = PBXFileReference; lastKnownFileType = sourcecode.swift; path = OnboardingProgressBar.swift; sourceTree = "<group>"; };
		1FB10A2D2CDF54B400D54EC5 /* EnterMaingoalView.swift */ = {isa = PBXFileReference; lastKnownFileType = sourcecode.swift; path = EnterMaingoalView.swift; sourceTree = "<group>"; };
		1FB10A2F2CDF55AA00D54EC5 /* SubgoalCycleView.swift */ = {isa = PBXFileReference; lastKnownFileType = sourcecode.swift; path = SubgoalCycleView.swift; sourceTree = "<group>"; };
		1FB10A312CDF56E200D54EC5 /* RoutineCycleView.swift */ = {isa = PBXFileReference; lastKnownFileType = sourcecode.swift; path = RoutineCycleView.swift; sourceTree = "<group>"; };
		1FB10A332CDF593600D54EC5 /* OnboardingFinishView.swift */ = {isa = PBXFileReference; lastKnownFileType = sourcecode.swift; path = OnboardingFinishView.swift; sourceTree = "<group>"; };
		1FB10A372CDF5FE800D54EC5 /* OnboardingExplain.swift */ = {isa = PBXFileReference; lastKnownFileType = sourcecode.swift; path = OnboardingExplain.swift; sourceTree = "<group>"; };
		1FB10A392CDF60D100D54EC5 /* OnboardingExplainPageView.swift */ = {isa = PBXFileReference; lastKnownFileType = sourcecode.swift; path = OnboardingExplainPageView.swift; sourceTree = "<group>"; };
		1FB10A3B2CDF78C400D54EC5 /* NextButton.swift */ = {isa = PBXFileReference; lastKnownFileType = sourcecode.swift; path = NextButton.swift; sourceTree = "<group>"; };
		1FB10A3F2CDF7F4B00D54EC5 /* OnboardingStartViewModel.swift */ = {isa = PBXFileReference; lastKnownFileType = sourcecode.swift; path = OnboardingStartViewModel.swift; sourceTree = "<group>"; };
		1FC686352CF78276008F399F /* TodayRoutineCell.swift */ = {isa = PBXFileReference; lastKnownFileType = sourcecode.swift; path = TodayRoutineCell.swift; sourceTree = "<group>"; };
		1FC686372CF782FB008F399F /* WeekAchieveCell.swift */ = {isa = PBXFileReference; lastKnownFileType = sourcecode.swift; path = WeekAchieveCell.swift; sourceTree = "<group>"; };
		1FD405222CEC74E800403A19 /* AllRoutineView.swift */ = {isa = PBXFileReference; lastKnownFileType = sourcecode.swift; path = AllRoutineView.swift; sourceTree = "<group>"; };
		1FD405242CEC79DD00403A19 /* TodayRoutineView.swift */ = {isa = PBXFileReference; lastKnownFileType = sourcecode.swift; path = TodayRoutineView.swift; sourceTree = "<group>"; };
		1FD405292CECBFCB00403A19 /* RoutineModel.swift */ = {isa = PBXFileReference; lastKnownFileType = sourcecode.swift; path = RoutineModel.swift; sourceTree = "<group>"; };
		1FD4052B2CECBFF900403A19 /* RoutineMainViewModel.swift */ = {isa = PBXFileReference; lastKnownFileType = sourcecode.swift; path = RoutineMainViewModel.swift; sourceTree = "<group>"; };
		1FD4052F2CECC42500403A19 /* AllRoutineViewModel.swift */ = {isa = PBXFileReference; lastKnownFileType = sourcecode.swift; path = AllRoutineViewModel.swift; sourceTree = "<group>"; };
		1FD405352CECE6F800403A19 /* TodayRouitneTypeHeaderView.swift */ = {isa = PBXFileReference; lastKnownFileType = sourcecode.swift; path = TodayRouitneTypeHeaderView.swift; sourceTree = "<group>"; };
		1FD405372CECE7B400403A19 /* TodayRoutineViewModel.swift */ = {isa = PBXFileReference; lastKnownFileType = sourcecode.swift; path = TodayRoutineViewModel.swift; sourceTree = "<group>"; };
		1FD4053B2CED987700403A19 /* TurtleMessageView.swift */ = {isa = PBXFileReference; lastKnownFileType = sourcecode.swift; path = TurtleMessageView.swift; sourceTree = "<group>"; };
		1FE27C702CF0B7F600A4C6BE /* DaysCycleView.swift */ = {isa = PBXFileReference; lastKnownFileType = sourcecode.swift; path = DaysCycleView.swift; sourceTree = "<group>"; };
		1FE27C742CF0C8AF00A4C6BE /* CompleteCycleView.swift */ = {isa = PBXFileReference; lastKnownFileType = sourcecode.swift; path = CompleteCycleView.swift; sourceTree = "<group>"; };
		1FE2B8D52CDFAF8600781E20 /* Int+GridExtensions.swift */ = {isa = PBXFileReference; lastKnownFileType = sourcecode.swift; path = "Int+GridExtensions.swift"; sourceTree = "<group>"; };
		1FFD92952CFEA2D2003E9D16 /* RoutineTurtleLottie.swift */ = {isa = PBXFileReference; lastKnownFileType = sourcecode.swift; path = RoutineTurtleLottie.swift; sourceTree = "<group>"; };
		1FFD92972CFEA38B003E9D16 /* RoutineTurtle.json */ = {isa = PBXFileReference; fileEncoding = 4; lastKnownFileType = text.json; path = RoutineTurtle.json; sourceTree = "<group>"; };
		1FFD92992CFECF5A003E9D16 /* MandalartTurtle.json */ = {isa = PBXFileReference; fileEncoding = 4; lastKnownFileType = text.json; path = MandalartTurtle.json; sourceTree = "<group>"; };
		610595CD2CE2140D005ED7B4 /* SubGoalCell.swift */ = {isa = PBXFileReference; lastKnownFileType = sourcecode.swift; path = SubGoalCell.swift; sourceTree = "<group>"; };
		610595D12CE214CE005ED7B4 /* SubGoalDetailGridView.swift */ = {isa = PBXFileReference; lastKnownFileType = sourcecode.swift; path = SubGoalDetailGridView.swift; sourceTree = "<group>"; };
		610595D32CE21505005ED7B4 /* MainGoalSheetView.swift */ = {isa = PBXFileReference; lastKnownFileType = sourcecode.swift; path = MainGoalSheetView.swift; sourceTree = "<group>"; };
		610595D52CE23653005ED7B4 /* DeleteService.swift */ = {isa = PBXFileReference; lastKnownFileType = sourcecode.swift; path = DeleteService.swift; sourceTree = "<group>"; };
		610595D82CE2584D005ED7B4 /* MadalartShape.swift */ = {isa = PBXFileReference; lastKnownFileType = sourcecode.swift; path = MadalartShape.swift; sourceTree = "<group>"; };
		610595DC2CE2EA6C005ED7B4 /* DetailGoalView.swift */ = {isa = PBXFileReference; lastKnownFileType = sourcecode.swift; path = DetailGoalView.swift; sourceTree = "<group>"; };
		6107A3CE2CFED42E001189FA /* MandalartMessageView.swift */ = {isa = PBXFileReference; lastKnownFileType = sourcecode.swift; path = MandalartMessageView.swift; sourceTree = "<group>"; };
		613904E72CD20457008E591D /* MandalartView.swift */ = {isa = PBXFileReference; lastKnownFileType = sourcecode.swift; path = MandalartView.swift; sourceTree = "<group>"; };
		613904E92CD21A0B008E591D /* MandalartViewModel.swift */ = {isa = PBXFileReference; lastKnownFileType = sourcecode.swift; path = MandalartViewModel.swift; sourceTree = "<group>"; };
		615A0A0A2CC0ADA800908531 /* TabBarManager.swift */ = {isa = PBXFileReference; lastKnownFileType = sourcecode.swift; path = TabBarManager.swift; sourceTree = "<group>"; };
		615A0A0C2CC0AE8700908531 /* RoutineMainView.swift */ = {isa = PBXFileReference; lastKnownFileType = sourcecode.swift; path = RoutineMainView.swift; sourceTree = "<group>"; };
		615A0A102CC0AEB800908531 /* StatisticView.swift */ = {isa = PBXFileReference; lastKnownFileType = sourcecode.swift; path = StatisticView.swift; sourceTree = "<group>"; };
		6178161F2CE5DF6A00834AAD /* DateManager.swift */ = {isa = PBXFileReference; lastKnownFileType = sourcecode.swift; path = DateManager.swift; sourceTree = "<group>"; };
		618FD0732CDF11210003450D /* CreateService.swift */ = {isa = PBXFileReference; lastKnownFileType = sourcecode.swift; path = CreateService.swift; sourceTree = "<group>"; };
		618FD0752CDF11410003450D /* UpdateService.swift */ = {isa = PBXFileReference; lastKnownFileType = sourcecode.swift; path = UpdateService.swift; sourceTree = "<group>"; };
		618FD0772CDF11760003450D /* Protocol.swift */ = {isa = PBXFileReference; lastKnownFileType = sourcecode.swift; path = Protocol.swift; sourceTree = "<group>"; };
		61CC00FC2CF0276B0009D063 /* DetailGoalColor.swift */ = {isa = PBXFileReference; lastKnownFileType = sourcecode.swift; path = DetailGoalColor.swift; sourceTree = "<group>"; };
		61CC01002CF6CBD00009D063 /* DayButton.swift */ = {isa = PBXFileReference; lastKnownFileType = sourcecode.swift; path = DayButton.swift; sourceTree = "<group>"; };
		61CC01042CF74D190009D063 /* SubGoalView.swift */ = {isa = PBXFileReference; lastKnownFileType = sourcecode.swift; path = SubGoalView.swift; sourceTree = "<group>"; };
		61E28B812CEE01FE000F77FB /* Notification.swift */ = {isa = PBXFileReference; lastKnownFileType = sourcecode.swift; path = Notification.swift; sourceTree = "<group>"; };
		61FA4DF22CE77EDD00256B57 /* BackButtonToolbarModifier.swift */ = {isa = PBXFileReference; lastKnownFileType = sourcecode.swift; path = BackButtonToolbarModifier.swift; sourceTree = "<group>"; };
		61FA4DF42CE7803600256B57 /* View+.swift */ = {isa = PBXFileReference; lastKnownFileType = sourcecode.swift; path = "View+.swift"; sourceTree = "<group>"; };
		A14A18ED2CFF2B970013050F /* SpecificTagger4192.mlmodel */ = {isa = PBXFileReference; lastKnownFileType = file.mlmodel; name = SpecificTagger4192.mlmodel; path = ../../../../../ML/Macro_Dataset/SpecificTagger4192.mlmodel; sourceTree = "<group>"; };
/* End PBXFileReference section */

/* Begin PBXFrameworksBuildPhase section */
		1F79EDC72CC0A25D0079088B /* Frameworks */ = {
			isa = PBXFrameworksBuildPhase;
			buildActionMask = 2147483647;
			files = (
				1FFD92942CFEA26B003E9D16 /* Lottie in Frameworks */,
			);
			runOnlyForDeploymentPostprocessing = 0;
		};
/* End PBXFrameworksBuildPhase section */

/* Begin PBXGroup section */
		1F100F4B2CFCA58200130BA9 /* Cell */ = {
			isa = PBXGroup;
			children = (
				1F100F4C2CFCA5B100130BA9 /* DaysCycleCell.swift */,
				1F100F4E2CFCA5CF00130BA9 /* DaysCycleCellButton.swift */,
			);
			path = Cell;
			sourceTree = "<group>";
		};
		1F42BE742CDF824D00A59703 /* Font */ = {
			isa = PBXGroup;
			children = (
				1F42BE7C2CDF826D00A59703 /* Pretendard-Black.otf */,
				1F42BE762CDF826C00A59703 /* Pretendard-Bold.otf */,
				1F42BE752CDF826C00A59703 /* Pretendard-ExtraBold.otf */,
				1F42BE7D2CDF826D00A59703 /* Pretendard-ExtraLight.otf */,
				1F42BE7B2CDF826D00A59703 /* Pretendard-Light.otf */,
				1F42BE772CDF826C00A59703 /* Pretendard-Medium.otf */,
				1F42BE782CDF826C00A59703 /* Pretendard-Regular.otf */,
				1F42BE7A2CDF826C00A59703 /* Pretendard-SemiBold.otf */,
				1F42BE792CDF826C00A59703 /* Pretendard-Thin.otf */,
			);
			path = Font;
			sourceTree = "<group>";
		};
		1F4D8BEE2CDF4F9200A0B5CC /* Onboarding */ = {
			isa = PBXGroup;
			children = (
				1F100F4B2CFCA58200130BA9 /* Cell */,
				1FB10A3E2CDF7EEF00D54EC5 /* ViewModel */,
				1FB10A3D2CDF7EDD00D54EC5 /* View */,
			);
			path = Onboarding;
			sourceTree = "<group>";
		};
		1F599E2B2CE642F700788D07 /* ViewModel */ = {
			isa = PBXGroup;
			children = (
				1F599E2C2CE6430D00788D07 /* StatisticViewModel.swift */,
			);
			path = ViewModel;
			sourceTree = "<group>";
		};
		1F599E2E2CE6634B00788D07 /* Setting */ = {
			isa = PBXGroup;
			children = (
				1FC686312CF4F349008F399F /* View */,
				1FC686322CF4F34F008F399F /* ViewModel */,
				1FC686332CF4F365008F399F /* Cell */,
			);
			path = Setting;
			sourceTree = "<group>";
		};
		1F79EDC12CC0A25D0079088B = {
			isa = PBXGroup;
			children = (
				1F8591172CC0A68500253B38 /* .gitignore */,
				1F79EDCC2CC0A25D0079088B /* OneByte */,
				1F79EDCB2CC0A25D0079088B /* Products */,
			);
			sourceTree = "<group>";
		};
		1F79EDCB2CC0A25D0079088B /* Products */ = {
			isa = PBXGroup;
			children = (
				1F79EDCA2CC0A25D0079088B /* OneByte.app */,
			);
			name = Products;
			sourceTree = "<group>";
		};
		1F79EDCC2CC0A25D0079088B /* OneByte */ = {
			isa = PBXGroup;
			children = (
				1F42BE872CDF82DF00A59703 /* Info.plist */,
				1FA4208C2CC0DBDB001CB92D /* Source */,
				1FA4208B2CC0DBD3001CB92D /* Resource */,
				1F79EDD32CC0A25E0079088B /* Preview Content */,
			);
			path = OneByte;
			sourceTree = "<group>";
		};
		1F79EDD32CC0A25E0079088B /* Preview Content */ = {
			isa = PBXGroup;
			children = (
				1F79EDD42CC0A25E0079088B /* Preview Assets.xcassets */,
			);
			path = "Preview Content";
			sourceTree = "<group>";
		};
		1F7C9C0E2CD0727700BAC358 /* Common */ = {
			isa = PBXGroup;
			children = (
				1FB10A232CDF50F000D54EC5 /* Onboarding */,
				610595D72CE2582A005ED7B4 /* Mandalart */,
			);
			path = Common;
			sourceTree = "<group>";
		};
		1F7C9C0F2CD072A300BAC358 /* UseCases */ = {
			isa = PBXGroup;
			children = (
				618FD0772CDF11760003450D /* Protocol.swift */,
				1F7C9C1A2CD0750400BAC358 /* Services */,
			);
			path = UseCases;
			sourceTree = "<group>";
		};
		1F7C9C102CD072D700BAC358 /* Statistics */ = {
			isa = PBXGroup;
			children = (
				1F7C9C112CD072E700BAC358 /* View */,
				1F599E2B2CE642F700788D07 /* ViewModel */,
			);
			path = Statistics;
			sourceTree = "<group>";
		};
		1F7C9C112CD072E700BAC358 /* View */ = {
			isa = PBXGroup;
			children = (
				615A0A102CC0AEB800908531 /* StatisticView.swift */,
			);
			path = View;
			sourceTree = "<group>";
		};
		1F7C9C132CD0731F00BAC358 /* Mandalart */ = {
			isa = PBXGroup;
			children = (
				613904E92CD21A0B008E591D /* MandalartViewModel.swift */,
				1F7C9C142CD0735500BAC358 /* View */,
			);
			path = Mandalart;
			sourceTree = "<group>";
		};
		1F7C9C142CD0735500BAC358 /* View */ = {
			isa = PBXGroup;
			children = (
				613904E72CD20457008E591D /* MandalartView.swift */,
				610595CD2CE2140D005ED7B4 /* SubGoalCell.swift */,
				610595D12CE214CE005ED7B4 /* SubGoalDetailGridView.swift */,
				610595DE2CE2EACA005ED7B4 /* Sheet */,
			);
			path = View;
			sourceTree = "<group>";
		};
		1F7C9C162CD0736700BAC358 /* Routine */ = {
			isa = PBXGroup;
			children = (
				1F7C9C172CD0737800BAC358 /* View */,
				1FD4052E2CECC02900403A19 /* VM */,
				1FC686342CF78268008F399F /* Cell */,
				1FD405282CECBF9400403A19 /* Model */,
			);
			path = Routine;
			sourceTree = "<group>";
		};
		1F7C9C172CD0737800BAC358 /* View */ = {
			isa = PBXGroup;
			children = (
				615A0A0C2CC0AE8700908531 /* RoutineMainView.swift */,
				1FD405242CEC79DD00403A19 /* TodayRoutineView.swift */,
				1FD405222CEC74E800403A19 /* AllRoutineView.swift */,
				1F100F452CFCA45300130BA9 /* CloverCardView.swift */,
				1FD405352CECE6F800403A19 /* TodayRouitneTypeHeaderView.swift */,
			);
			path = View;
			sourceTree = "<group>";
		};
		1F7C9C192CD073BC00BAC358 /* Features */ = {
			isa = PBXGroup;
			children = (
				1F4D8BEE2CDF4F9200A0B5CC /* Onboarding */,
				1F7C9C132CD0731F00BAC358 /* Mandalart */,
				1F7C9C162CD0736700BAC358 /* Routine */,
				1F7C9C102CD072D700BAC358 /* Statistics */,
				1F599E2E2CE6634B00788D07 /* Setting */,
			);
			path = Features;
			sourceTree = "<group>";
		};
		1F7C9C1A2CD0750400BAC358 /* Services */ = {
			isa = PBXGroup;
			children = (
				618FD0732CDF11210003450D /* CreateService.swift */,
				618FD0752CDF11410003450D /* UpdateService.swift */,
				610595D52CE23653005ED7B4 /* DeleteService.swift */,
			);
			path = Services;
			sourceTree = "<group>";
		};
		1FA4208B2CC0DBD3001CB92D /* Resource */ = {
			isa = PBXGroup;
			children = (
				A14A18ED2CFF2B970013050F /* SpecificTagger4192.mlmodel */,
				1FFD92992CFECF5A003E9D16 /* MandalartTurtle.json */,
				1FFD92972CFEA38B003E9D16 /* RoutineTurtle.json */,
				1F79EDD12CC0A25E0079088B /* Assets.xcassets */,
				1F42BE742CDF824D00A59703 /* Font */,
			);
			path = Resource;
			sourceTree = "<group>";
		};
		1FA4208C2CC0DBDB001CB92D /* Source */ = {
			isa = PBXGroup;
			children = (
				1FA420952CC0DC2F001CB92D /* Application */,
				1FA420922CC0DC10001CB92D /* Extension */,
				1FB10A2A2CDF52AF00D54EC5 /* Helper */,
				1F7C9C0E2CD0727700BAC358 /* Common */,
				1FA420912CC0DC0C001CB92D /* Model */,
				1F7C9C0F2CD072A300BAC358 /* UseCases */,
				1F7C9C192CD073BC00BAC358 /* Features */,
			);
			path = Source;
			sourceTree = "<group>";
		};
		1FA420912CC0DC0C001CB92D /* Model */ = {
			isa = PBXGroup;
			children = (
				1F7C9C272CD083CC00BAC358 /* GoalModels.swift */,
				1F18DD852CEA3869000F0E3E /* Clover.swift */,
				1F599E292CE5F77000788D07 /* Profile.swift */,
				1F4D8BF12CDF4FC300A0B5CC /* Onboarding.swift */,
				1FB10A372CDF5FE800D54EC5 /* OnboardingExplain.swift */,
			);
			path = Model;
			sourceTree = "<group>";
		};
		1FA420922CC0DC10001CB92D /* Extension */ = {
			isa = PBXGroup;
			children = (
				1FA420932CC0DC19001CB92D /* Color+.swift */,
				1F88AB402CD6101C0009730D /* Date+.swift */,
				1F42BE882CDF838500A59703 /* Font+.swift */,
				1FE2B8D52CDFAF8600781E20 /* Int+GridExtensions.swift */,
				61FA4DF42CE7803600256B57 /* View+.swift */,
				1FA50DED2CE0B25C00369F7F /* UIApplication+.swift */,
			);
			path = Extension;
			sourceTree = "<group>";
		};
		1FA420952CC0DC2F001CB92D /* Application */ = {
			isa = PBXGroup;
			children = (
				1F79EDCD2CC0A25D0079088B /* OneByteApp.swift */,
				615A0A0A2CC0ADA800908531 /* TabBarManager.swift */,
				1F88AB382CD607F90009730D /* NavigationManager.swift */,
				61E28B812CEE01FE000F77FB /* Notification.swift */,
				1F62B8F02CF18AE4004A3F0B /* WeeklyResetManager.swift */,
				6178161F2CE5DF6A00834AAD /* DateManager.swift */,
			);
			path = Application;
			sourceTree = "<group>";
		};
		1FB10A232CDF50F000D54EC5 /* Onboarding */ = {
			isa = PBXGroup;
			children = (
				1FB10A242CDF511600D54EC5 /* GoButton.swift */,
				1F100F412CFCA3B300130BA9 /* OnboardingHeaderView.swift */,
				1FB10A3B2CDF78C400D54EC5 /* NextButton.swift */,
				61FA4DF22CE77EDD00256B57 /* BackButtonToolbarModifier.swift */,
			);
			path = Onboarding;
			sourceTree = "<group>";
		};
		1FB10A2A2CDF52AF00D54EC5 /* Helper */ = {
			isa = PBXGroup;
			children = (
				1FB10A2B2CDF52E600D54EC5 /* OnboardingProgressBar.swift */,
				1F100F502CFCA62000130BA9 /* CloverCardProgressBar.swift */,
				1FD4053B2CED987700403A19 /* TurtleMessageView.swift */,
				6107A3CE2CFED42E001189FA /* MandalartMessageView.swift */,
				61CC00FC2CF0276B0009D063 /* DetailGoalColor.swift */,
				1FFD92952CFEA2D2003E9D16 /* RoutineTurtleLottie.swift */,
				1F100F3F2CFCA3A200130BA9 /* CustomTextModifier.swift */,
			);
			path = Helper;
			sourceTree = "<group>";
		};
		1FB10A3D2CDF7EDD00D54EC5 /* View */ = {
			isa = PBXGroup;
			children = (
				1F4D8BEF2CDF4F9E00A0B5CC /* OnboardingStartView.swift */,
				1FB10A392CDF60D100D54EC5 /* OnboardingExplainPageView.swift */,
				1FB10A282CDF515300D54EC5 /* ReadyCycleView.swift */,
				1FB10A2F2CDF55AA00D54EC5 /* SubgoalCycleView.swift */,
				1FB10A312CDF56E200D54EC5 /* RoutineCycleView.swift */,
				1FE27C702CF0B7F600A4C6BE /* DaysCycleView.swift */,
				1FE27C742CF0C8AF00A4C6BE /* CompleteCycleView.swift */,
				1FB10A332CDF593600D54EC5 /* OnboardingFinishView.swift */,
				1FB10A2D2CDF54B400D54EC5 /* EnterMaingoalView.swift */,
			);
			path = View;
			sourceTree = "<group>";
		};
		1FB10A3E2CDF7EEF00D54EC5 /* ViewModel */ = {
			isa = PBXGroup;
			children = (
				1FB10A3F2CDF7F4B00D54EC5 /* OnboardingStartViewModel.swift */,
				1F100F432CFCA3F000130BA9 /* RoutineCycleViewModel.swift */,
			);
			path = ViewModel;
			sourceTree = "<group>";
		};
		1FC686312CF4F349008F399F /* View */ = {
			isa = PBXGroup;
			children = (
				1F599E252CE5DEBE00788D07 /* SettingView.swift */,
				1F599E272CE5F29500788D07 /* EditNicknameSheetView.swift */,
			);
			path = View;
			sourceTree = "<group>";
		};
		1FC686322CF4F34F008F399F /* ViewModel */ = {
			isa = PBXGroup;
			children = (
				1F599E392CE66AA300788D07 /* SettingViewModel.swift */,
			);
			path = ViewModel;
			sourceTree = "<group>";
		};
		1FC686332CF4F365008F399F /* Cell */ = {
			isa = PBXGroup;
			children = (
				1F599E2F2CE6640500788D07 /* AchievedRow.swift */,
				1F599E312CE6642900788D07 /* NotificationRow.swift */,
				1F599E332CE6643B00788D07 /* FontRow.swift */,
				1F599E352CE6648B00788D07 /* PrivacyPolicyRow.swift */,
				1F599E372CE664B100788D07 /* TermsRow.swift */,
			);
			path = Cell;
			sourceTree = "<group>";
		};
		1FC686342CF78268008F399F /* Cell */ = {
			isa = PBXGroup;
			children = (
				1FC686352CF78276008F399F /* TodayRoutineCell.swift */,
				1FC686372CF782FB008F399F /* WeekAchieveCell.swift */,
			);
			path = Cell;
			sourceTree = "<group>";
		};
		1FD405282CECBF9400403A19 /* Model */ = {
			isa = PBXGroup;
			children = (
				1FD405292CECBFCB00403A19 /* RoutineModel.swift */,
				1F100F492CFCA49200130BA9 /* CloverCard.swift */,
			);
			path = Model;
			sourceTree = "<group>";
		};
		1FD4052E2CECC02900403A19 /* VM */ = {
			isa = PBXGroup;
			children = (
				1FD4052B2CECBFF900403A19 /* RoutineMainViewModel.swift */,
				1FD405372CECE7B400403A19 /* TodayRoutineViewModel.swift */,
				1F100F472CFCA47800130BA9 /* CloverCardViewModel.swift */,
				1FD4052F2CECC42500403A19 /* AllRoutineViewModel.swift */,
			);
			path = VM;
			sourceTree = "<group>";
		};
		610595D72CE2582A005ED7B4 /* Mandalart */ = {
			isa = PBXGroup;
			children = (
				61CC01002CF6CBD00009D063 /* DayButton.swift */,
				610595D82CE2584D005ED7B4 /* MadalartShape.swift */,
			);
			path = Mandalart;
			sourceTree = "<group>";
		};
		610595DE2CE2EACA005ED7B4 /* Sheet */ = {
			isa = PBXGroup;
			children = (
				610595D32CE21505005ED7B4 /* MainGoalSheetView.swift */,
				61CC01042CF74D190009D063 /* SubGoalView.swift */,
				610595DC2CE2EA6C005ED7B4 /* DetailGoalView.swift */,
			);
			path = Sheet;
			sourceTree = "<group>";
		};
/* End PBXGroup section */

/* Begin PBXNativeTarget section */
		1F79EDC92CC0A25D0079088B /* OneByte */ = {
			isa = PBXNativeTarget;
			buildConfigurationList = 1F79EDD82CC0A25E0079088B /* Build configuration list for PBXNativeTarget "OneByte" */;
			buildPhases = (
				1F79EDC62CC0A25D0079088B /* Sources */,
				1F79EDC72CC0A25D0079088B /* Frameworks */,
				1F79EDC82CC0A25D0079088B /* Resources */,
			);
			buildRules = (
			);
			dependencies = (
			);
			name = OneByte;
			packageProductDependencies = (
				1FFD92932CFEA26B003E9D16 /* Lottie */,
			);
			productName = OneByte;
			productReference = 1F79EDCA2CC0A25D0079088B /* OneByte.app */;
			productType = "com.apple.product-type.application";
		};
/* End PBXNativeTarget section */

/* Begin PBXProject section */
		1F79EDC22CC0A25D0079088B /* Project object */ = {
			isa = PBXProject;
			attributes = {
				BuildIndependentTargetsInParallel = 1;
				LastSwiftUpdateCheck = 1540;
				LastUpgradeCheck = 1540;
				TargetAttributes = {
					1F79EDC92CC0A25D0079088B = {
						CreatedOnToolsVersion = 15.4;
					};
				};
			};
			buildConfigurationList = 1F79EDC52CC0A25D0079088B /* Build configuration list for PBXProject "OneByte" */;
			compatibilityVersion = "Xcode 14.0";
			developmentRegion = en;
			hasScannedForEncodings = 0;
			knownRegions = (
				en,
				Base,
			);
			mainGroup = 1F79EDC12CC0A25D0079088B;
			packageReferences = (
				1FFD92922CFEA26B003E9D16 /* XCRemoteSwiftPackageReference "lottie-ios" */,
			);
			productRefGroup = 1F79EDCB2CC0A25D0079088B /* Products */;
			projectDirPath = "";
			projectRoot = "";
			targets = (
				1F79EDC92CC0A25D0079088B /* OneByte */,
			);
		};
/* End PBXProject section */

/* Begin PBXResourcesBuildPhase section */
		1F79EDC82CC0A25D0079088B /* Resources */ = {
			isa = PBXResourcesBuildPhase;
			buildActionMask = 2147483647;
			files = (
				1F79EDD52CC0A25E0079088B /* Preview Assets.xcassets in Resources */,
				1F42BE7F2CDF826D00A59703 /* Pretendard-Bold.otf in Resources */,
				1FFD929A2CFECF5A003E9D16 /* MandalartTurtle.json in Resources */,
				1F8591182CC0A68500253B38 /* .gitignore in Resources */,
				1F42BE842CDF826D00A59703 /* Pretendard-Light.otf in Resources */,
				1F42BE822CDF826D00A59703 /* Pretendard-Thin.otf in Resources */,
				1FFD92982CFEA38B003E9D16 /* RoutineTurtle.json in Resources */,
				1F42BE7E2CDF826D00A59703 /* Pretendard-ExtraBold.otf in Resources */,
				1F42BE862CDF826D00A59703 /* Pretendard-ExtraLight.otf in Resources */,
				1F42BE852CDF826D00A59703 /* Pretendard-Black.otf in Resources */,
				1F42BE812CDF826D00A59703 /* Pretendard-Regular.otf in Resources */,
				1F42BE832CDF826D00A59703 /* Pretendard-SemiBold.otf in Resources */,
				1F79EDD22CC0A25E0079088B /* Assets.xcassets in Resources */,
				1F42BE802CDF826D00A59703 /* Pretendard-Medium.otf in Resources */,
			);
			runOnlyForDeploymentPostprocessing = 0;
		};
/* End PBXResourcesBuildPhase section */

/* Begin PBXSourcesBuildPhase section */
		1F79EDC62CC0A25D0079088B /* Sources */ = {
			isa = PBXSourcesBuildPhase;
			buildActionMask = 2147483647;
			files = (
				1FA50DEE2CE0B25C00369F7F /* UIApplication+.swift in Sources */,
				617816202CE5DF6A00834AAD /* DateManager.swift in Sources */,
				610595D92CE2584D005ED7B4 /* MadalartShape.swift in Sources */,
				1FD405252CEC79DD00403A19 /* TodayRoutineView.swift in Sources */,
				1FD405362CECE6F800403A19 /* TodayRouitneTypeHeaderView.swift in Sources */,
				61CC00FD2CF0276B0009D063 /* DetailGoalColor.swift in Sources */,
				1FB10A252CDF511600D54EC5 /* GoButton.swift in Sources */,
				1F100F4A2CFCA49200130BA9 /* CloverCard.swift in Sources */,
				1FE27C752CF0C8AF00A4C6BE /* CompleteCycleView.swift in Sources */,
				1F100F4D2CFCA5B100130BA9 /* DaysCycleCell.swift in Sources */,
				1F100F442CFCA3F000130BA9 /* RoutineCycleViewModel.swift in Sources */,
				1F62B8F12CF18AE4004A3F0B /* WeeklyResetManager.swift in Sources */,
				1F599E362CE6648B00788D07 /* PrivacyPolicyRow.swift in Sources */,
				1F599E3A2CE66AA300788D07 /* SettingViewModel.swift in Sources */,
				1FD405302CECC42500403A19 /* AllRoutineViewModel.swift in Sources */,
				1F599E2A2CE5F77000788D07 /* Profile.swift in Sources */,
				1FE27C712CF0B7F600A4C6BE /* DaysCycleView.swift in Sources */,
				1F42BE892CDF838500A59703 /* Font+.swift in Sources */,
				1F4D8BF02CDF4F9E00A0B5CC /* OnboardingStartView.swift in Sources */,
				1FB10A382CDF5FE800D54EC5 /* OnboardingExplain.swift in Sources */,
				1F18DD862CEA3869000F0E3E /* Clover.swift in Sources */,
				6107A3CF2CFED42E001189FA /* MandalartMessageView.swift in Sources */,
				610595D62CE23653005ED7B4 /* DeleteService.swift in Sources */,
				1F88AB412CD6101C0009730D /* Date+.swift in Sources */,
				1F100F482CFCA47800130BA9 /* CloverCardViewModel.swift in Sources */,
				1FB10A322CDF56E200D54EC5 /* RoutineCycleView.swift in Sources */,
				615A0A0B2CC0ADA800908531 /* TabBarManager.swift in Sources */,
				1F100F402CFCA3A200130BA9 /* CustomTextModifier.swift in Sources */,
				1F100F422CFCA3B300130BA9 /* OnboardingHeaderView.swift in Sources */,
				1FB10A402CDF7F4B00D54EC5 /* OnboardingStartViewModel.swift in Sources */,
				1F599E2D2CE6430D00788D07 /* StatisticViewModel.swift in Sources */,
				1FB10A302CDF55AA00D54EC5 /* SubgoalCycleView.swift in Sources */,
				1F7C9C282CD083CC00BAC358 /* GoalModels.swift in Sources */,
				618FD0782CDF11760003450D /* Protocol.swift in Sources */,
				613904E82CD20457008E591D /* MandalartView.swift in Sources */,
				1FA420942CC0DC19001CB92D /* Color+.swift in Sources */,
				1FB10A342CDF593600D54EC5 /* OnboardingFinishView.swift in Sources */,
				1FC686362CF78276008F399F /* TodayRoutineCell.swift in Sources */,
				1F599E262CE5DEBE00788D07 /* SettingView.swift in Sources */,
				1FB10A3C2CDF78C400D54EC5 /* NextButton.swift in Sources */,
				1F599E322CE6642900788D07 /* NotificationRow.swift in Sources */,
				1F79EDCE2CC0A25D0079088B /* OneByteApp.swift in Sources */,
				61FA4DF52CE7803600256B57 /* View+.swift in Sources */,
				613904EA2CD21A0B008E591D /* MandalartViewModel.swift in Sources */,
				1F88AB392CD607F90009730D /* NavigationManager.swift in Sources */,
				615A0A0D2CC0AE8700908531 /* RoutineMainView.swift in Sources */,
				1FD4052A2CECBFCB00403A19 /* RoutineModel.swift in Sources */,
				1FB10A2C2CDF52E600D54EC5 /* OnboardingProgressBar.swift in Sources */,
				1FFD92962CFEA2D2003E9D16 /* RoutineTurtleLottie.swift in Sources */,
				1F599E282CE5F29500788D07 /* EditNicknameSheetView.swift in Sources */,
				1F100F512CFCA62000130BA9 /* CloverCardProgressBar.swift in Sources */,
				610595DD2CE2EA6C005ED7B4 /* DetailGoalView.swift in Sources */,
				1FB10A3A2CDF60D100D54EC5 /* OnboardingExplainPageView.swift in Sources */,
				61FA4DF32CE77EDD00256B57 /* BackButtonToolbarModifier.swift in Sources */,
				1FB10A2E2CDF54B400D54EC5 /* EnterMaingoalView.swift in Sources */,
				615A0A112CC0AEB800908531 /* StatisticView.swift in Sources */,
				1F599E382CE664B100788D07 /* TermsRow.swift in Sources */,
				618FD0742CDF11210003450D /* CreateService.swift in Sources */,
				1FD405232CEC74E800403A19 /* AllRoutineView.swift in Sources */,
				1FE2B8D62CDFAF8600781E20 /* Int+GridExtensions.swift in Sources */,
				610595CE2CE2140D005ED7B4 /* SubGoalCell.swift in Sources */,
				618FD0762CDF11410003450D /* UpdateService.swift in Sources */,
				61CC01052CF74D190009D063 /* SubGoalView.swift in Sources */,
				1FD4053C2CED987700403A19 /* TurtleMessageView.swift in Sources */,
				1FC686382CF782FB008F399F /* WeekAchieveCell.swift in Sources */,
				1F100F462CFCA45300130BA9 /* CloverCardView.swift in Sources */,
				1FB10A292CDF515300D54EC5 /* ReadyCycleView.swift in Sources */,
				1F4D8BF22CDF4FC300A0B5CC /* Onboarding.swift in Sources */,
				A14A18EE2CFF2B970013050F /* SpecificTagger4192.mlmodel in Sources */,
				1F100F4F2CFCA5CF00130BA9 /* DaysCycleCellButton.swift in Sources */,
				1F599E302CE6640600788D07 /* AchievedRow.swift in Sources */,
				1F599E342CE6643B00788D07 /* FontRow.swift in Sources */,
				1FD4052C2CECBFF900403A19 /* RoutineMainViewModel.swift in Sources */,
				1FD405382CECE7B400403A19 /* TodayRoutineViewModel.swift in Sources */,
				610595D22CE214CE005ED7B4 /* SubGoalDetailGridView.swift in Sources */,
				61E28B822CEE01FE000F77FB /* Notification.swift in Sources */,
				61CC01012CF6CBD00009D063 /* DayButton.swift in Sources */,
				610595D42CE21505005ED7B4 /* MainGoalSheetView.swift in Sources */,
			);
			runOnlyForDeploymentPostprocessing = 0;
		};
/* End PBXSourcesBuildPhase section */

/* Begin XCBuildConfiguration section */
		1F79EDD62CC0A25E0079088B /* Debug */ = {
			isa = XCBuildConfiguration;
			buildSettings = {
				ALWAYS_SEARCH_USER_PATHS = NO;
				ASSETCATALOG_COMPILER_GENERATE_SWIFT_ASSET_SYMBOL_EXTENSIONS = YES;
				CLANG_ANALYZER_NONNULL = YES;
				CLANG_ANALYZER_NUMBER_OBJECT_CONVERSION = YES_AGGRESSIVE;
				CLANG_CXX_LANGUAGE_STANDARD = "gnu++20";
				CLANG_ENABLE_MODULES = YES;
				CLANG_ENABLE_OBJC_ARC = YES;
				CLANG_ENABLE_OBJC_WEAK = YES;
				CLANG_WARN_BLOCK_CAPTURE_AUTORELEASING = YES;
				CLANG_WARN_BOOL_CONVERSION = YES;
				CLANG_WARN_COMMA = YES;
				CLANG_WARN_CONSTANT_CONVERSION = YES;
				CLANG_WARN_DEPRECATED_OBJC_IMPLEMENTATIONS = YES;
				CLANG_WARN_DIRECT_OBJC_ISA_USAGE = YES_ERROR;
				CLANG_WARN_DOCUMENTATION_COMMENTS = YES;
				CLANG_WARN_EMPTY_BODY = YES;
				CLANG_WARN_ENUM_CONVERSION = YES;
				CLANG_WARN_INFINITE_RECURSION = YES;
				CLANG_WARN_INT_CONVERSION = YES;
				CLANG_WARN_NON_LITERAL_NULL_CONVERSION = YES;
				CLANG_WARN_OBJC_IMPLICIT_RETAIN_SELF = YES;
				CLANG_WARN_OBJC_LITERAL_CONVERSION = YES;
				CLANG_WARN_OBJC_ROOT_CLASS = YES_ERROR;
				CLANG_WARN_QUOTED_INCLUDE_IN_FRAMEWORK_HEADER = YES;
				CLANG_WARN_RANGE_LOOP_ANALYSIS = YES;
				CLANG_WARN_STRICT_PROTOTYPES = YES;
				CLANG_WARN_SUSPICIOUS_MOVE = YES;
				CLANG_WARN_UNGUARDED_AVAILABILITY = YES_AGGRESSIVE;
				CLANG_WARN_UNREACHABLE_CODE = YES;
				CLANG_WARN__DUPLICATE_METHOD_MATCH = YES;
				COPY_PHASE_STRIP = NO;
				DEBUG_INFORMATION_FORMAT = dwarf;
				ENABLE_STRICT_OBJC_MSGSEND = YES;
				ENABLE_TESTABILITY = YES;
				ENABLE_USER_SCRIPT_SANDBOXING = YES;
				GCC_C_LANGUAGE_STANDARD = gnu17;
				GCC_DYNAMIC_NO_PIC = NO;
				GCC_NO_COMMON_BLOCKS = YES;
				GCC_OPTIMIZATION_LEVEL = 0;
				GCC_PREPROCESSOR_DEFINITIONS = (
					"DEBUG=1",
					"$(inherited)",
				);
				GCC_WARN_64_TO_32_BIT_CONVERSION = YES;
				GCC_WARN_ABOUT_RETURN_TYPE = YES_ERROR;
				GCC_WARN_UNDECLARED_SELECTOR = YES;
				GCC_WARN_UNINITIALIZED_AUTOS = YES_AGGRESSIVE;
				GCC_WARN_UNUSED_FUNCTION = YES;
				GCC_WARN_UNUSED_VARIABLE = YES;
				IPHONEOS_DEPLOYMENT_TARGET = 17.5;
				LOCALIZATION_PREFERS_STRING_CATALOGS = YES;
				MTL_ENABLE_DEBUG_INFO = INCLUDE_SOURCE;
				MTL_FAST_MATH = YES;
				ONLY_ACTIVE_ARCH = YES;
				SDKROOT = iphoneos;
				SWIFT_ACTIVE_COMPILATION_CONDITIONS = "DEBUG $(inherited)";
				SWIFT_OPTIMIZATION_LEVEL = "-Onone";
			};
			name = Debug;
		};
		1F79EDD72CC0A25E0079088B /* Release */ = {
			isa = XCBuildConfiguration;
			buildSettings = {
				ALWAYS_SEARCH_USER_PATHS = NO;
				ASSETCATALOG_COMPILER_GENERATE_SWIFT_ASSET_SYMBOL_EXTENSIONS = YES;
				CLANG_ANALYZER_NONNULL = YES;
				CLANG_ANALYZER_NUMBER_OBJECT_CONVERSION = YES_AGGRESSIVE;
				CLANG_CXX_LANGUAGE_STANDARD = "gnu++20";
				CLANG_ENABLE_MODULES = YES;
				CLANG_ENABLE_OBJC_ARC = YES;
				CLANG_ENABLE_OBJC_WEAK = YES;
				CLANG_WARN_BLOCK_CAPTURE_AUTORELEASING = YES;
				CLANG_WARN_BOOL_CONVERSION = YES;
				CLANG_WARN_COMMA = YES;
				CLANG_WARN_CONSTANT_CONVERSION = YES;
				CLANG_WARN_DEPRECATED_OBJC_IMPLEMENTATIONS = YES;
				CLANG_WARN_DIRECT_OBJC_ISA_USAGE = YES_ERROR;
				CLANG_WARN_DOCUMENTATION_COMMENTS = YES;
				CLANG_WARN_EMPTY_BODY = YES;
				CLANG_WARN_ENUM_CONVERSION = YES;
				CLANG_WARN_INFINITE_RECURSION = YES;
				CLANG_WARN_INT_CONVERSION = YES;
				CLANG_WARN_NON_LITERAL_NULL_CONVERSION = YES;
				CLANG_WARN_OBJC_IMPLICIT_RETAIN_SELF = YES;
				CLANG_WARN_OBJC_LITERAL_CONVERSION = YES;
				CLANG_WARN_OBJC_ROOT_CLASS = YES_ERROR;
				CLANG_WARN_QUOTED_INCLUDE_IN_FRAMEWORK_HEADER = YES;
				CLANG_WARN_RANGE_LOOP_ANALYSIS = YES;
				CLANG_WARN_STRICT_PROTOTYPES = YES;
				CLANG_WARN_SUSPICIOUS_MOVE = YES;
				CLANG_WARN_UNGUARDED_AVAILABILITY = YES_AGGRESSIVE;
				CLANG_WARN_UNREACHABLE_CODE = YES;
				CLANG_WARN__DUPLICATE_METHOD_MATCH = YES;
				COPY_PHASE_STRIP = NO;
				DEBUG_INFORMATION_FORMAT = "dwarf-with-dsym";
				ENABLE_NS_ASSERTIONS = NO;
				ENABLE_STRICT_OBJC_MSGSEND = YES;
				ENABLE_USER_SCRIPT_SANDBOXING = YES;
				GCC_C_LANGUAGE_STANDARD = gnu17;
				GCC_NO_COMMON_BLOCKS = YES;
				GCC_WARN_64_TO_32_BIT_CONVERSION = YES;
				GCC_WARN_ABOUT_RETURN_TYPE = YES_ERROR;
				GCC_WARN_UNDECLARED_SELECTOR = YES;
				GCC_WARN_UNINITIALIZED_AUTOS = YES_AGGRESSIVE;
				GCC_WARN_UNUSED_FUNCTION = YES;
				GCC_WARN_UNUSED_VARIABLE = YES;
				IPHONEOS_DEPLOYMENT_TARGET = 17.5;
				LOCALIZATION_PREFERS_STRING_CATALOGS = YES;
				MTL_ENABLE_DEBUG_INFO = NO;
				MTL_FAST_MATH = YES;
				SDKROOT = iphoneos;
				SWIFT_COMPILATION_MODE = wholemodule;
				VALIDATE_PRODUCT = YES;
			};
			name = Release;
		};
		1F79EDD92CC0A25E0079088B /* Debug */ = {
			isa = XCBuildConfiguration;
			buildSettings = {
				ASSETCATALOG_COMPILER_APPICON_NAME = AppIcon;
				ASSETCATALOG_COMPILER_GLOBAL_ACCENT_COLOR_NAME = AccentColor;
				CODE_SIGN_IDENTITY = "Apple Development";
				CODE_SIGN_STYLE = Automatic;
				CURRENT_PROJECT_VERSION = 3;
				DEVELOPMENT_ASSET_PATHS = "\"OneByte/Preview Content\"";
				DEVELOPMENT_TEAM = WTK65UP9RZ;
				ENABLE_PREVIEWS = YES;
				GENERATE_INFOPLIST_FILE = YES;
				INFOPLIST_FILE = OneByte/Info.plist;
				INFOPLIST_KEY_CFBundleDisplayName = "하고만다";
				INFOPLIST_KEY_UIApplicationSceneManifest_Generation = YES;
				INFOPLIST_KEY_UIApplicationSupportsIndirectInputEvents = YES;
				INFOPLIST_KEY_UILaunchScreen_Generation = YES;
				INFOPLIST_KEY_UISupportedInterfaceOrientations = UIInterfaceOrientationPortrait;
				INFOPLIST_KEY_UISupportedInterfaceOrientations_iPad = "UIInterfaceOrientationLandscapeLeft UIInterfaceOrientationLandscapeRight UIInterfaceOrientationPortrait UIInterfaceOrientationPortraitUpsideDown";
				INFOPLIST_KEY_UIUserInterfaceStyle = Light;
				IPHONEOS_DEPLOYMENT_TARGET = 17.5;
				LD_RUNPATH_SEARCH_PATHS = (
					"$(inherited)",
					"@executable_path/Frameworks",
				);
				MARKETING_VERSION = 1.1.1;
				PRODUCT_BUNDLE_IDENTIFIER = com.san.OneByte;
				PRODUCT_NAME = "$(TARGET_NAME)";
				PROVISIONING_PROFILE_SPECIFIER = "";
				SUPPORTED_PLATFORMS = "iphoneos iphonesimulator";
				SUPPORTS_MACCATALYST = NO;
				SWIFT_EMIT_LOC_STRINGS = YES;
				SWIFT_VERSION = 5.0;
				TARGETED_DEVICE_FAMILY = 1;
			};
			name = Debug;
		};
		1F79EDDA2CC0A25E0079088B /* Release */ = {
			isa = XCBuildConfiguration;
			buildSettings = {
				ASSETCATALOG_COMPILER_APPICON_NAME = AppIcon;
				ASSETCATALOG_COMPILER_GLOBAL_ACCENT_COLOR_NAME = AccentColor;
				CODE_SIGN_IDENTITY = "Apple Development";
				CODE_SIGN_STYLE = Automatic;
				CURRENT_PROJECT_VERSION = 3;
				DEVELOPMENT_ASSET_PATHS = "\"OneByte/Preview Content\"";
				DEVELOPMENT_TEAM = WTK65UP9RZ;
				ENABLE_PREVIEWS = YES;
				GENERATE_INFOPLIST_FILE = YES;
				INFOPLIST_FILE = OneByte/Info.plist;
				INFOPLIST_KEY_CFBundleDisplayName = "하고만다";
				INFOPLIST_KEY_UIApplicationSceneManifest_Generation = YES;
				INFOPLIST_KEY_UIApplicationSupportsIndirectInputEvents = YES;
				INFOPLIST_KEY_UILaunchScreen_Generation = YES;
				INFOPLIST_KEY_UISupportedInterfaceOrientations = UIInterfaceOrientationPortrait;
				INFOPLIST_KEY_UISupportedInterfaceOrientations_iPad = "UIInterfaceOrientationLandscapeLeft UIInterfaceOrientationLandscapeRight UIInterfaceOrientationPortrait UIInterfaceOrientationPortraitUpsideDown";
				INFOPLIST_KEY_UIUserInterfaceStyle = Light;
				IPHONEOS_DEPLOYMENT_TARGET = 17.5;
				LD_RUNPATH_SEARCH_PATHS = (
					"$(inherited)",
					"@executable_path/Frameworks",
				);
				MARKETING_VERSION = 1.1.1;
				PRODUCT_BUNDLE_IDENTIFIER = com.san.OneByte;
				PRODUCT_NAME = "$(TARGET_NAME)";
				PROVISIONING_PROFILE_SPECIFIER = "";
				SUPPORTED_PLATFORMS = "iphoneos iphonesimulator";
				SUPPORTS_MACCATALYST = NO;
				SWIFT_EMIT_LOC_STRINGS = YES;
				SWIFT_VERSION = 5.0;
				TARGETED_DEVICE_FAMILY = 1;
			};
			name = Release;
		};
/* End XCBuildConfiguration section */

/* Begin XCConfigurationList section */
		1F79EDC52CC0A25D0079088B /* Build configuration list for PBXProject "OneByte" */ = {
			isa = XCConfigurationList;
			buildConfigurations = (
				1F79EDD62CC0A25E0079088B /* Debug */,
				1F79EDD72CC0A25E0079088B /* Release */,
			);
			defaultConfigurationIsVisible = 0;
			defaultConfigurationName = Release;
		};
		1F79EDD82CC0A25E0079088B /* Build configuration list for PBXNativeTarget "OneByte" */ = {
			isa = XCConfigurationList;
			buildConfigurations = (
				1F79EDD92CC0A25E0079088B /* Debug */,
				1F79EDDA2CC0A25E0079088B /* Release */,
			);
			defaultConfigurationIsVisible = 0;
			defaultConfigurationName = Release;
		};
/* End XCConfigurationList section */

/* Begin XCRemoteSwiftPackageReference section */
		1FFD92922CFEA26B003E9D16 /* XCRemoteSwiftPackageReference "lottie-ios" */ = {
			isa = XCRemoteSwiftPackageReference;
			repositoryURL = "https://github.com/airbnb/lottie-ios";
			requirement = {
				kind = upToNextMajorVersion;
				minimumVersion = 4.5.0;
			};
		};
/* End XCRemoteSwiftPackageReference section */

/* Begin XCSwiftPackageProductDependency section */
		1FFD92932CFEA26B003E9D16 /* Lottie */ = {
			isa = XCSwiftPackageProductDependency;
			package = 1FFD92922CFEA26B003E9D16 /* XCRemoteSwiftPackageReference "lottie-ios" */;
			productName = Lottie;
		};
/* End XCSwiftPackageProductDependency section */
	};
	rootObject = 1F79EDC22CC0A25D0079088B /* Project object */;
}
