// !$*UTF8*$!
{
	archiveVersion = 1;
	classes = {
	};
	objectVersion = 56;
	objects = {

/* Begin PBXBuildFile section */
		1F35C47D2CD89E790013C731 /* RetrospectTotalView.swift in Sources */ = {isa = PBXBuildFile; fileRef = 1F35C47C2CD89E790013C731 /* RetrospectTotalView.swift */; };
		1F4D8BF02CDF4F9E00A0B5CC /* OnboardingStartView.swift in Sources */ = {isa = PBXBuildFile; fileRef = 1F4D8BEF2CDF4F9E00A0B5CC /* OnboardingStartView.swift */; };
		1F4D8BF22CDF4FC300A0B5CC /* Onboarding.swift in Sources */ = {isa = PBXBuildFile; fileRef = 1F4D8BF12CDF4FC300A0B5CC /* Onboarding.swift */; };
		1F79EDCE2CC0A25D0079088B /* OneByteApp.swift in Sources */ = {isa = PBXBuildFile; fileRef = 1F79EDCD2CC0A25D0079088B /* OneByteApp.swift */; };
		1F79EDD22CC0A25E0079088B /* Assets.xcassets in Resources */ = {isa = PBXBuildFile; fileRef = 1F79EDD12CC0A25E0079088B /* Assets.xcassets */; };
		1F79EDD52CC0A25E0079088B /* Preview Assets.xcassets in Resources */ = {isa = PBXBuildFile; fileRef = 1F79EDD42CC0A25E0079088B /* Preview Assets.xcassets */; };
		1F7C9C282CD083CC00BAC358 /* GoalModels.swift in Sources */ = {isa = PBXBuildFile; fileRef = 1F7C9C272CD083CC00BAC358 /* GoalModels.swift */; };
		1F8591182CC0A68500253B38 /* .gitignore in Resources */ = {isa = PBXBuildFile; fileRef = 1F8591172CC0A68500253B38 /* .gitignore */; };
		1F88AB392CD607F90009730D /* NavigationManager.swift in Sources */ = {isa = PBXBuildFile; fileRef = 1F88AB382CD607F90009730D /* NavigationManager.swift */; };
		1F88AB3B2CD609010009730D /* RetrospectSelectView.swift in Sources */ = {isa = PBXBuildFile; fileRef = 1F88AB3A2CD609010009730D /* RetrospectSelectView.swift */; };
		1F88AB3D2CD609170009730D /* RetrospectView.swift in Sources */ = {isa = PBXBuildFile; fileRef = 1F88AB3C2CD609170009730D /* RetrospectView.swift */; };
		1F88AB3F2CD609220009730D /* RetrospectCompleteView.swift in Sources */ = {isa = PBXBuildFile; fileRef = 1F88AB3E2CD609220009730D /* RetrospectCompleteView.swift */; };
		1F88AB412CD6101C0009730D /* Date+.swift in Sources */ = {isa = PBXBuildFile; fileRef = 1F88AB402CD6101C0009730D /* Date+.swift */; };
		1F88AB432CD613240009730D /* FeedbackSheetView.swift in Sources */ = {isa = PBXBuildFile; fileRef = 1F88AB422CD613240009730D /* FeedbackSheetView.swift */; };
		1FA420942CC0DC19001CB92D /* Color+.swift in Sources */ = {isa = PBXBuildFile; fileRef = 1FA420932CC0DC19001CB92D /* Color+.swift */; };
		1FB10A252CDF511600D54EC5 /* GoButton.swift in Sources */ = {isa = PBXBuildFile; fileRef = 1FB10A242CDF511600D54EC5 /* GoButton.swift */; };
		1FB10A272CDF512800D54EC5 /* PassButton.swift in Sources */ = {isa = PBXBuildFile; fileRef = 1FB10A262CDF512800D54EC5 /* PassButton.swift */; };
		1FB10A292CDF515300D54EC5 /* QuestionView.swift in Sources */ = {isa = PBXBuildFile; fileRef = 1FB10A282CDF515300D54EC5 /* QuestionView.swift */; };
		1FB10A2C2CDF52E600D54EC5 /* OnboardingProgressBar.swift in Sources */ = {isa = PBXBuildFile; fileRef = 1FB10A2B2CDF52E600D54EC5 /* OnboardingProgressBar.swift */; };
		1FB10A2E2CDF54B400D54EC5 /* EnterMaingoalView.swift in Sources */ = {isa = PBXBuildFile; fileRef = 1FB10A2D2CDF54B400D54EC5 /* EnterMaingoalView.swift */; };
		1FB10A302CDF55AA00D54EC5 /* EnterSubgoalView.swift in Sources */ = {isa = PBXBuildFile; fileRef = 1FB10A2F2CDF55AA00D54EC5 /* EnterSubgoalView.swift */; };
		1FB10A322CDF56E200D54EC5 /* EnterDetailgoalView.swift in Sources */ = {isa = PBXBuildFile; fileRef = 1FB10A312CDF56E200D54EC5 /* EnterDetailgoalView.swift */; };
		1FB10A342CDF593600D54EC5 /* OnboardingFinishView.swift in Sources */ = {isa = PBXBuildFile; fileRef = 1FB10A332CDF593600D54EC5 /* OnboardingFinishView.swift */; };
		1FB10A362CDF5C7900D54EC5 /* OnboardingExplainView.swift in Sources */ = {isa = PBXBuildFile; fileRef = 1FB10A352CDF5C7900D54EC5 /* OnboardingExplainView.swift */; };
		1FB10A382CDF5FE800D54EC5 /* OnboardingExplain.swift in Sources */ = {isa = PBXBuildFile; fileRef = 1FB10A372CDF5FE800D54EC5 /* OnboardingExplain.swift */; };
		1FB10A3A2CDF60D100D54EC5 /* OnboardingExplainPageView.swift in Sources */ = {isa = PBXBuildFile; fileRef = 1FB10A392CDF60D100D54EC5 /* OnboardingExplainPageView.swift */; };
		1FB10A3C2CDF78C400D54EC5 /* NextButton.swift in Sources */ = {isa = PBXBuildFile; fileRef = 1FB10A3B2CDF78C400D54EC5 /* NextButton.swift */; };
		1FB10A402CDF7F4B00D54EC5 /* OnboardingViewModel.swift in Sources */ = {isa = PBXBuildFile; fileRef = 1FB10A3F2CDF7F4B00D54EC5 /* OnboardingViewModel.swift */; };
		613904E62CD1D419008E591D /* MemberModel.swift in Sources */ = {isa = PBXBuildFile; fileRef = 613904E52CD1D419008E591D /* MemberModel.swift */; };
		613904E82CD20457008E591D /* MandalartView.swift in Sources */ = {isa = PBXBuildFile; fileRef = 613904E72CD20457008E591D /* MandalartView.swift */; };
		613904EA2CD21A0B008E591D /* MadalArtCRUDTestViewModel.swift in Sources */ = {isa = PBXBuildFile; fileRef = 613904E92CD21A0B008E591D /* MadalArtCRUDTestViewModel.swift */; };
		615A0A0B2CC0ADA800908531 /* TabBarManager.swift in Sources */ = {isa = PBXBuildFile; fileRef = 615A0A0A2CC0ADA800908531 /* TabBarManager.swift */; };
		615A0A0D2CC0AE8700908531 /* RetrospectMainView.swift in Sources */ = {isa = PBXBuildFile; fileRef = 615A0A0C2CC0AE8700908531 /* RetrospectMainView.swift */; };
		615A0A112CC0AEB800908531 /* MyPageView.swift in Sources */ = {isa = PBXBuildFile; fileRef = 615A0A102CC0AEB800908531 /* MyPageView.swift */; };
		618FD0702CDF0ED20003450D /* MandalartButtonModifier.swift in Sources */ = {isa = PBXBuildFile; fileRef = 618FD06F2CDF0ED20003450D /* MandalartButtonModifier.swift */; };
		618FD0722CDF10700003450D /* ContentView.swift in Sources */ = {isa = PBXBuildFile; fileRef = 618FD0712CDF10700003450D /* ContentView.swift */; };
		618FD0742CDF11210003450D /* CreateService.swift in Sources */ = {isa = PBXBuildFile; fileRef = 618FD0732CDF11210003450D /* CreateService.swift */; };
		618FD0762CDF11410003450D /* UpdateService.swift in Sources */ = {isa = PBXBuildFile; fileRef = 618FD0752CDF11410003450D /* UpdateService.swift */; };
		618FD0782CDF11760003450D /* Protocol.swift in Sources */ = {isa = PBXBuildFile; fileRef = 618FD0772CDF11760003450D /* Protocol.swift */; };
/* End PBXBuildFile section */

/* Begin PBXFileReference section */
		1F35C47C2CD89E790013C731 /* RetrospectTotalView.swift */ = {isa = PBXFileReference; lastKnownFileType = sourcecode.swift; path = RetrospectTotalView.swift; sourceTree = "<group>"; };
		1F4D8BEF2CDF4F9E00A0B5CC /* OnboardingStartView.swift */ = {isa = PBXFileReference; lastKnownFileType = sourcecode.swift; path = OnboardingStartView.swift; sourceTree = "<group>"; };
		1F4D8BF12CDF4FC300A0B5CC /* Onboarding.swift */ = {isa = PBXFileReference; lastKnownFileType = sourcecode.swift; path = Onboarding.swift; sourceTree = "<group>"; };
		1F79EDCA2CC0A25D0079088B /* OneByte.app */ = {isa = PBXFileReference; explicitFileType = wrapper.application; includeInIndex = 0; path = OneByte.app; sourceTree = BUILT_PRODUCTS_DIR; };
		1F79EDCD2CC0A25D0079088B /* OneByteApp.swift */ = {isa = PBXFileReference; lastKnownFileType = sourcecode.swift; path = OneByteApp.swift; sourceTree = "<group>"; };
		1F79EDD12CC0A25E0079088B /* Assets.xcassets */ = {isa = PBXFileReference; lastKnownFileType = folder.assetcatalog; path = Assets.xcassets; sourceTree = "<group>"; };
		1F79EDD42CC0A25E0079088B /* Preview Assets.xcassets */ = {isa = PBXFileReference; lastKnownFileType = folder.assetcatalog; path = "Preview Assets.xcassets"; sourceTree = "<group>"; };
		1F7C9C272CD083CC00BAC358 /* GoalModels.swift */ = {isa = PBXFileReference; lastKnownFileType = sourcecode.swift; path = GoalModels.swift; sourceTree = "<group>"; };
		1F8591172CC0A68500253B38 /* .gitignore */ = {isa = PBXFileReference; lastKnownFileType = text; path = .gitignore; sourceTree = "<group>"; };
		1F88AB382CD607F90009730D /* NavigationManager.swift */ = {isa = PBXFileReference; lastKnownFileType = sourcecode.swift; path = NavigationManager.swift; sourceTree = "<group>"; };
		1F88AB3A2CD609010009730D /* RetrospectSelectView.swift */ = {isa = PBXFileReference; lastKnownFileType = sourcecode.swift; path = RetrospectSelectView.swift; sourceTree = "<group>"; };
		1F88AB3C2CD609170009730D /* RetrospectView.swift */ = {isa = PBXFileReference; lastKnownFileType = sourcecode.swift; path = RetrospectView.swift; sourceTree = "<group>"; };
		1F88AB3E2CD609220009730D /* RetrospectCompleteView.swift */ = {isa = PBXFileReference; lastKnownFileType = sourcecode.swift; path = RetrospectCompleteView.swift; sourceTree = "<group>"; };
		1F88AB402CD6101C0009730D /* Date+.swift */ = {isa = PBXFileReference; lastKnownFileType = sourcecode.swift; path = "Date+.swift"; sourceTree = "<group>"; };
		1F88AB422CD613240009730D /* FeedbackSheetView.swift */ = {isa = PBXFileReference; lastKnownFileType = sourcecode.swift; path = FeedbackSheetView.swift; sourceTree = "<group>"; };
		1FA420932CC0DC19001CB92D /* Color+.swift */ = {isa = PBXFileReference; lastKnownFileType = sourcecode.swift; path = "Color+.swift"; sourceTree = "<group>"; };
		1FB10A242CDF511600D54EC5 /* GoButton.swift */ = {isa = PBXFileReference; lastKnownFileType = sourcecode.swift; path = GoButton.swift; sourceTree = "<group>"; };
		1FB10A262CDF512800D54EC5 /* PassButton.swift */ = {isa = PBXFileReference; lastKnownFileType = sourcecode.swift; path = PassButton.swift; sourceTree = "<group>"; };
		1FB10A282CDF515300D54EC5 /* QuestionView.swift */ = {isa = PBXFileReference; lastKnownFileType = sourcecode.swift; path = QuestionView.swift; sourceTree = "<group>"; };
		1FB10A2B2CDF52E600D54EC5 /* OnboardingProgressBar.swift */ = {isa = PBXFileReference; lastKnownFileType = sourcecode.swift; path = OnboardingProgressBar.swift; sourceTree = "<group>"; };
		1FB10A2D2CDF54B400D54EC5 /* EnterMaingoalView.swift */ = {isa = PBXFileReference; lastKnownFileType = sourcecode.swift; path = EnterMaingoalView.swift; sourceTree = "<group>"; };
		1FB10A2F2CDF55AA00D54EC5 /* EnterSubgoalView.swift */ = {isa = PBXFileReference; lastKnownFileType = sourcecode.swift; path = EnterSubgoalView.swift; sourceTree = "<group>"; };
		1FB10A312CDF56E200D54EC5 /* EnterDetailgoalView.swift */ = {isa = PBXFileReference; lastKnownFileType = sourcecode.swift; path = EnterDetailgoalView.swift; sourceTree = "<group>"; };
		1FB10A332CDF593600D54EC5 /* OnboardingFinishView.swift */ = {isa = PBXFileReference; lastKnownFileType = sourcecode.swift; path = OnboardingFinishView.swift; sourceTree = "<group>"; };
		1FB10A352CDF5C7900D54EC5 /* OnboardingExplainView.swift */ = {isa = PBXFileReference; lastKnownFileType = sourcecode.swift; path = OnboardingExplainView.swift; sourceTree = "<group>"; };
		1FB10A372CDF5FE800D54EC5 /* OnboardingExplain.swift */ = {isa = PBXFileReference; lastKnownFileType = sourcecode.swift; path = OnboardingExplain.swift; sourceTree = "<group>"; };
		1FB10A392CDF60D100D54EC5 /* OnboardingExplainPageView.swift */ = {isa = PBXFileReference; lastKnownFileType = sourcecode.swift; path = OnboardingExplainPageView.swift; sourceTree = "<group>"; };
		1FB10A3B2CDF78C400D54EC5 /* NextButton.swift */ = {isa = PBXFileReference; lastKnownFileType = sourcecode.swift; path = NextButton.swift; sourceTree = "<group>"; };
		1FB10A3F2CDF7F4B00D54EC5 /* OnboardingViewModel.swift */ = {isa = PBXFileReference; lastKnownFileType = sourcecode.swift; path = OnboardingViewModel.swift; sourceTree = "<group>"; };
		613904E52CD1D419008E591D /* MemberModel.swift */ = {isa = PBXFileReference; lastKnownFileType = sourcecode.swift; path = MemberModel.swift; sourceTree = "<group>"; };
		613904E72CD20457008E591D /* MandalartView.swift */ = {isa = PBXFileReference; lastKnownFileType = sourcecode.swift; path = MandalartView.swift; sourceTree = "<group>"; };
		613904E92CD21A0B008E591D /* MadalArtCRUDTestViewModel.swift */ = {isa = PBXFileReference; lastKnownFileType = sourcecode.swift; path = MadalArtCRUDTestViewModel.swift; sourceTree = "<group>"; };
		615A0A0A2CC0ADA800908531 /* TabBarManager.swift */ = {isa = PBXFileReference; lastKnownFileType = sourcecode.swift; path = TabBarManager.swift; sourceTree = "<group>"; };
		615A0A0C2CC0AE8700908531 /* RetrospectMainView.swift */ = {isa = PBXFileReference; lastKnownFileType = sourcecode.swift; path = RetrospectMainView.swift; sourceTree = "<group>"; };
		615A0A102CC0AEB800908531 /* MyPageView.swift */ = {isa = PBXFileReference; lastKnownFileType = sourcecode.swift; path = MyPageView.swift; sourceTree = "<group>"; };
		618FD06F2CDF0ED20003450D /* MandalartButtonModifier.swift */ = {isa = PBXFileReference; lastKnownFileType = sourcecode.swift; path = MandalartButtonModifier.swift; sourceTree = "<group>"; };
		618FD0712CDF10700003450D /* ContentView.swift */ = {isa = PBXFileReference; lastKnownFileType = sourcecode.swift; path = ContentView.swift; sourceTree = "<group>"; };
		618FD0732CDF11210003450D /* CreateService.swift */ = {isa = PBXFileReference; lastKnownFileType = sourcecode.swift; path = CreateService.swift; sourceTree = "<group>"; };
		618FD0752CDF11410003450D /* UpdateService.swift */ = {isa = PBXFileReference; lastKnownFileType = sourcecode.swift; path = UpdateService.swift; sourceTree = "<group>"; };
		618FD0772CDF11760003450D /* Protocol.swift */ = {isa = PBXFileReference; lastKnownFileType = sourcecode.swift; path = Protocol.swift; sourceTree = "<group>"; };
/* End PBXFileReference section */

/* Begin PBXFrameworksBuildPhase section */
		1F79EDC72CC0A25D0079088B /* Frameworks */ = {
			isa = PBXFrameworksBuildPhase;
			buildActionMask = 2147483647;
			files = (
			);
			runOnlyForDeploymentPostprocessing = 0;
		};
/* End PBXFrameworksBuildPhase section */

/* Begin PBXGroup section */
		1F4D8BEE2CDF4F9200A0B5CC /* Onboarding */ = {
			isa = PBXGroup;
			children = (
				1FB10A3E2CDF7EEF00D54EC5 /* ViewModel */,
				1FB10A3D2CDF7EDD00D54EC5 /* View */,
			);
			path = Onboarding;
			sourceTree = "<group>";
		};
		1F79EDC12CC0A25D0079088B = {
			isa = PBXGroup;
			children = (
				1F8591172CC0A68500253B38 /* .gitignore */,
				1F79EDCC2CC0A25D0079088B /* OneByte */,
				1F79EDCB2CC0A25D0079088B /* Products */,
			);
			sourceTree = "<group>";
		};
		1F79EDCB2CC0A25D0079088B /* Products */ = {
			isa = PBXGroup;
			children = (
				1F79EDCA2CC0A25D0079088B /* OneByte.app */,
			);
			name = Products;
			sourceTree = "<group>";
		};
		1F79EDCC2CC0A25D0079088B /* OneByte */ = {
			isa = PBXGroup;
			children = (
				1FA4208C2CC0DBDB001CB92D /* Source */,
				1FA4208B2CC0DBD3001CB92D /* Resource */,
				1F79EDD32CC0A25E0079088B /* Preview Content */,
			);
			path = OneByte;
			sourceTree = "<group>";
		};
		1F79EDD32CC0A25E0079088B /* Preview Content */ = {
			isa = PBXGroup;
			children = (
				1F79EDD42CC0A25E0079088B /* Preview Assets.xcassets */,
			);
			path = "Preview Content";
			sourceTree = "<group>";
		};
		1F7C9C0E2CD0727700BAC358 /* Common */ = {
			isa = PBXGroup;
			children = (
				1FB10A232CDF50F000D54EC5 /* Onboarding */,
				618FD06F2CDF0ED20003450D /* MandalartButtonModifier.swift */,
			);
			path = Common;
			sourceTree = "<group>";
		};
		1F7C9C0F2CD072A300BAC358 /* UseCases */ = {
			isa = PBXGroup;
			children = (
				618FD0772CDF11760003450D /* Protocol.swift */,
				1F7C9C1A2CD0750400BAC358 /* Services */,
			);
			path = UseCases;
			sourceTree = "<group>";
		};
		1F7C9C102CD072D700BAC358 /* MyPage */ = {
			isa = PBXGroup;
			children = (
				1F7C9C112CD072E700BAC358 /* View */,
			);
			path = MyPage;
			sourceTree = "<group>";
		};
		1F7C9C112CD072E700BAC358 /* View */ = {
			isa = PBXGroup;
			children = (
				615A0A102CC0AEB800908531 /* MyPageView.swift */,
			);
			path = View;
			sourceTree = "<group>";
		};
		1F7C9C132CD0731F00BAC358 /* Mandalart */ = {
			isa = PBXGroup;
			children = (
				613904E92CD21A0B008E591D /* MadalArtCRUDTestViewModel.swift */,
				1F7C9C142CD0735500BAC358 /* View */,
			);
			path = Mandalart;
			sourceTree = "<group>";
		};
		1F7C9C142CD0735500BAC358 /* View */ = {
			isa = PBXGroup;
			children = (
				613904E72CD20457008E591D /* MandalartView.swift */,
				618FD0712CDF10700003450D /* ContentView.swift */,
			);
			path = View;
			sourceTree = "<group>";
		};
		1F7C9C162CD0736700BAC358 /* Reflection */ = {
			isa = PBXGroup;
			children = (
				1F7C9C172CD0737800BAC358 /* View */,
			);
			path = Reflection;
			sourceTree = "<group>";
		};
		1F7C9C172CD0737800BAC358 /* View */ = {
			isa = PBXGroup;
			children = (
				615A0A0C2CC0AE8700908531 /* RetrospectMainView.swift */,
				1F35C47C2CD89E790013C731 /* RetrospectTotalView.swift */,
				1F88AB3A2CD609010009730D /* RetrospectSelectView.swift */,
				1F88AB3C2CD609170009730D /* RetrospectView.swift */,
				1F88AB422CD613240009730D /* FeedbackSheetView.swift */,
				1F88AB3E2CD609220009730D /* RetrospectCompleteView.swift */,
			);
			path = View;
			sourceTree = "<group>";
		};
		1F7C9C192CD073BC00BAC358 /* Features */ = {
			isa = PBXGroup;
			children = (
				1F4D8BEE2CDF4F9200A0B5CC /* Onboarding */,
				1F7C9C132CD0731F00BAC358 /* Mandalart */,
				1F7C9C162CD0736700BAC358 /* Reflection */,
				1F7C9C102CD072D700BAC358 /* MyPage */,
			);
			path = Features;
			sourceTree = "<group>";
		};
		1F7C9C1A2CD0750400BAC358 /* Services */ = {
			isa = PBXGroup;
			children = (
				618FD0732CDF11210003450D /* CreateService.swift */,
				618FD0752CDF11410003450D /* UpdateService.swift */,
			);
			path = Services;
			sourceTree = "<group>";
		};
		1FA4208B2CC0DBD3001CB92D /* Resource */ = {
			isa = PBXGroup;
			children = (
				1F79EDD12CC0A25E0079088B /* Assets.xcassets */,
			);
			path = Resource;
			sourceTree = "<group>";
		};
		1FA4208C2CC0DBDB001CB92D /* Source */ = {
			isa = PBXGroup;
			children = (
				1FA420952CC0DC2F001CB92D /* Application */,
				1FA420922CC0DC10001CB92D /* Extension */,
				1FB10A2A2CDF52AF00D54EC5 /* Helper */,
				1F7C9C0E2CD0727700BAC358 /* Common */,
				1FA420912CC0DC0C001CB92D /* Model */,
				1F7C9C0F2CD072A300BAC358 /* UseCases */,
				1F7C9C192CD073BC00BAC358 /* Features */,
			);
			path = Source;
			sourceTree = "<group>";
		};
		1FA420912CC0DC0C001CB92D /* Model */ = {
			isa = PBXGroup;
			children = (
				1F7C9C272CD083CC00BAC358 /* GoalModels.swift */,
				613904E52CD1D419008E591D /* MemberModel.swift */,
				1F4D8BF12CDF4FC300A0B5CC /* Onboarding.swift */,
				1FB10A372CDF5FE800D54EC5 /* OnboardingExplain.swift */,
			);
			path = Model;
			sourceTree = "<group>";
		};
		1FA420922CC0DC10001CB92D /* Extension */ = {
			isa = PBXGroup;
			children = (
				1FA420932CC0DC19001CB92D /* Color+.swift */,
				1F88AB402CD6101C0009730D /* Date+.swift */,
			);
			path = Extension;
			sourceTree = "<group>";
		};
		1FA420952CC0DC2F001CB92D /* Application */ = {
			isa = PBXGroup;
			children = (
				1F79EDCD2CC0A25D0079088B /* OneByteApp.swift */,
				615A0A0A2CC0ADA800908531 /* TabBarManager.swift */,
				1F88AB382CD607F90009730D /* NavigationManager.swift */,
			);
			path = Application;
			sourceTree = "<group>";
		};
		1FB10A232CDF50F000D54EC5 /* Onboarding */ = {
			isa = PBXGroup;
			children = (
				1FB10A242CDF511600D54EC5 /* GoButton.swift */,
				1FB10A262CDF512800D54EC5 /* PassButton.swift */,
				1FB10A3B2CDF78C400D54EC5 /* NextButton.swift */,
			);
			path = Onboarding;
			sourceTree = "<group>";
		};
		1FB10A2A2CDF52AF00D54EC5 /* Helper */ = {
			isa = PBXGroup;
			children = (
				1FB10A2B2CDF52E600D54EC5 /* OnboardingProgressBar.swift */,
			);
			path = Helper;
			sourceTree = "<group>";
		};
		1FB10A3D2CDF7EDD00D54EC5 /* View */ = {
			isa = PBXGroup;
			children = (
				1F4D8BEF2CDF4F9E00A0B5CC /* OnboardingStartView.swift */,
				1FB10A282CDF515300D54EC5 /* QuestionView.swift */,
				1FB10A2D2CDF54B400D54EC5 /* EnterMaingoalView.swift */,
				1FB10A312CDF56E200D54EC5 /* EnterDetailgoalView.swift */,
				1FB10A2F2CDF55AA00D54EC5 /* EnterSubgoalView.swift */,
				1FB10A332CDF593600D54EC5 /* OnboardingFinishView.swift */,
				1FB10A352CDF5C7900D54EC5 /* OnboardingExplainView.swift */,
				1FB10A392CDF60D100D54EC5 /* OnboardingExplainPageView.swift */,
			);
			path = View;
			sourceTree = "<group>";
		};
		1FB10A3E2CDF7EEF00D54EC5 /* ViewModel */ = {
			isa = PBXGroup;
			children = (
				1FB10A3F2CDF7F4B00D54EC5 /* OnboardingViewModel.swift */,
			);
			path = ViewModel;
			sourceTree = "<group>";
		};
/* End PBXGroup section */

/* Begin PBXNativeTarget section */
		1F79EDC92CC0A25D0079088B /* OneByte */ = {
			isa = PBXNativeTarget;
			buildConfigurationList = 1F79EDD82CC0A25E0079088B /* Build configuration list for PBXNativeTarget "OneByte" */;
			buildPhases = (
				1F79EDC62CC0A25D0079088B /* Sources */,
				1F79EDC72CC0A25D0079088B /* Frameworks */,
				1F79EDC82CC0A25D0079088B /* Resources */,
			);
			buildRules = (
			);
			dependencies = (
			);
			name = OneByte;
			productName = OneByte;
			productReference = 1F79EDCA2CC0A25D0079088B /* OneByte.app */;
			productType = "com.apple.product-type.application";
		};
/* End PBXNativeTarget section */

/* Begin PBXProject section */
		1F79EDC22CC0A25D0079088B /* Project object */ = {
			isa = PBXProject;
			attributes = {
				BuildIndependentTargetsInParallel = 1;
				LastSwiftUpdateCheck = 1540;
				LastUpgradeCheck = 1540;
				TargetAttributes = {
					1F79EDC92CC0A25D0079088B = {
						CreatedOnToolsVersion = 15.4;
					};
				};
			};
			buildConfigurationList = 1F79EDC52CC0A25D0079088B /* Build configuration list for PBXProject "OneByte" */;
			compatibilityVersion = "Xcode 14.0";
			developmentRegion = en;
			hasScannedForEncodings = 0;
			knownRegions = (
				en,
				Base,
			);
			mainGroup = 1F79EDC12CC0A25D0079088B;
			productRefGroup = 1F79EDCB2CC0A25D0079088B /* Products */;
			projectDirPath = "";
			projectRoot = "";
			targets = (
				1F79EDC92CC0A25D0079088B /* OneByte */,
			);
		};
/* End PBXProject section */

/* Begin PBXResourcesBuildPhase section */
		1F79EDC82CC0A25D0079088B /* Resources */ = {
			isa = PBXResourcesBuildPhase;
			buildActionMask = 2147483647;
			files = (
				1F79EDD52CC0A25E0079088B /* Preview Assets.xcassets in Resources */,
				1F8591182CC0A68500253B38 /* .gitignore in Resources */,
				1F79EDD22CC0A25E0079088B /* Assets.xcassets in Resources */,
			);
			runOnlyForDeploymentPostprocessing = 0;
		};
/* End PBXResourcesBuildPhase section */

/* Begin PBXSourcesBuildPhase section */
		1F79EDC62CC0A25D0079088B /* Sources */ = {
			isa = PBXSourcesBuildPhase;
			buildActionMask = 2147483647;
			files = (
				1FB10A252CDF511600D54EC5 /* GoButton.swift in Sources */,
				1F4D8BF02CDF4F9E00A0B5CC /* OnboardingStartView.swift in Sources */,
				1FB10A382CDF5FE800D54EC5 /* OnboardingExplain.swift in Sources */,
				1F88AB412CD6101C0009730D /* Date+.swift in Sources */,
				1FB10A322CDF56E200D54EC5 /* EnterDetailgoalView.swift in Sources */,
				615A0A0B2CC0ADA800908531 /* TabBarManager.swift in Sources */,
				1FB10A402CDF7F4B00D54EC5 /* OnboardingViewModel.swift in Sources */,
				1FB10A302CDF55AA00D54EC5 /* EnterSubgoalView.swift in Sources */,
				1F7C9C282CD083CC00BAC358 /* GoalModels.swift in Sources */,
				618FD0782CDF11760003450D /* Protocol.swift in Sources */,
				618FD0702CDF0ED20003450D /* MandalartButtonModifier.swift in Sources */,
				613904E82CD20457008E591D /* MandalartView.swift in Sources */,
				1FA420942CC0DC19001CB92D /* Color+.swift in Sources */,
				1F88AB3F2CD609220009730D /* RetrospectCompleteView.swift in Sources */,
				618FD0722CDF10700003450D /* ContentView.swift in Sources */,
				1FB10A342CDF593600D54EC5 /* OnboardingFinishView.swift in Sources */,
				1FB10A3C2CDF78C400D54EC5 /* NextButton.swift in Sources */,
				1F79EDCE2CC0A25D0079088B /* OneByteApp.swift in Sources */,
				1F35C47D2CD89E790013C731 /* RetrospectTotalView.swift in Sources */,
				1FB10A362CDF5C7900D54EC5 /* OnboardingExplainView.swift in Sources */,
				1F88AB3B2CD609010009730D /* RetrospectSelectView.swift in Sources */,
				613904EA2CD21A0B008E591D /* MadalArtCRUDTestViewModel.swift in Sources */,
				1F88AB392CD607F90009730D /* NavigationManager.swift in Sources */,
				615A0A0D2CC0AE8700908531 /* RetrospectMainView.swift in Sources */,
				1FB10A2C2CDF52E600D54EC5 /* OnboardingProgressBar.swift in Sources */,
				1F88AB432CD613240009730D /* FeedbackSheetView.swift in Sources */,
				1FB10A3A2CDF60D100D54EC5 /* OnboardingExplainPageView.swift in Sources */,
				1FB10A2E2CDF54B400D54EC5 /* EnterMaingoalView.swift in Sources */,
				615A0A112CC0AEB800908531 /* MyPageView.swift in Sources */,
				618FD0742CDF11210003450D /* CreateService.swift in Sources */,
				1FB10A272CDF512800D54EC5 /* PassButton.swift in Sources */,
				618FD0762CDF11410003450D /* UpdateService.swift in Sources */,
				1FB10A292CDF515300D54EC5 /* QuestionView.swift in Sources */,
				1F4D8BF22CDF4FC300A0B5CC /* Onboarding.swift in Sources */,
				613904E62CD1D419008E591D /* MemberModel.swift in Sources */,
				1F88AB3D2CD609170009730D /* RetrospectView.swift in Sources */,
			);
			runOnlyForDeploymentPostprocessing = 0;
		};
/* End PBXSourcesBuildPhase section */

/* Begin XCBuildConfiguration section */
		1F79EDD62CC0A25E0079088B /* Debug */ = {
			isa = XCBuildConfiguration;
			buildSettings = {
				ALWAYS_SEARCH_USER_PATHS = NO;
				ASSETCATALOG_COMPILER_GENERATE_SWIFT_ASSET_SYMBOL_EXTENSIONS = YES;
				CLANG_ANALYZER_NONNULL = YES;
				CLANG_ANALYZER_NUMBER_OBJECT_CONVERSION = YES_AGGRESSIVE;
				CLANG_CXX_LANGUAGE_STANDARD = "gnu++20";
				CLANG_ENABLE_MODULES = YES;
				CLANG_ENABLE_OBJC_ARC = YES;
				CLANG_ENABLE_OBJC_WEAK = YES;
				CLANG_WARN_BLOCK_CAPTURE_AUTORELEASING = YES;
				CLANG_WARN_BOOL_CONVERSION = YES;
				CLANG_WARN_COMMA = YES;
				CLANG_WARN_CONSTANT_CONVERSION = YES;
				CLANG_WARN_DEPRECATED_OBJC_IMPLEMENTATIONS = YES;
				CLANG_WARN_DIRECT_OBJC_ISA_USAGE = YES_ERROR;
				CLANG_WARN_DOCUMENTATION_COMMENTS = YES;
				CLANG_WARN_EMPTY_BODY = YES;
				CLANG_WARN_ENUM_CONVERSION = YES;
				CLANG_WARN_INFINITE_RECURSION = YES;
				CLANG_WARN_INT_CONVERSION = YES;
				CLANG_WARN_NON_LITERAL_NULL_CONVERSION = YES;
				CLANG_WARN_OBJC_IMPLICIT_RETAIN_SELF = YES;
				CLANG_WARN_OBJC_LITERAL_CONVERSION = YES;
				CLANG_WARN_OBJC_ROOT_CLASS = YES_ERROR;
				CLANG_WARN_QUOTED_INCLUDE_IN_FRAMEWORK_HEADER = YES;
				CLANG_WARN_RANGE_LOOP_ANALYSIS = YES;
				CLANG_WARN_STRICT_PROTOTYPES = YES;
				CLANG_WARN_SUSPICIOUS_MOVE = YES;
				CLANG_WARN_UNGUARDED_AVAILABILITY = YES_AGGRESSIVE;
				CLANG_WARN_UNREACHABLE_CODE = YES;
				CLANG_WARN__DUPLICATE_METHOD_MATCH = YES;
				COPY_PHASE_STRIP = NO;
				DEBUG_INFORMATION_FORMAT = dwarf;
				ENABLE_STRICT_OBJC_MSGSEND = YES;
				ENABLE_TESTABILITY = YES;
				ENABLE_USER_SCRIPT_SANDBOXING = YES;
				GCC_C_LANGUAGE_STANDARD = gnu17;
				GCC_DYNAMIC_NO_PIC = NO;
				GCC_NO_COMMON_BLOCKS = YES;
				GCC_OPTIMIZATION_LEVEL = 0;
				GCC_PREPROCESSOR_DEFINITIONS = (
					"DEBUG=1",
					"$(inherited)",
				);
				GCC_WARN_64_TO_32_BIT_CONVERSION = YES;
				GCC_WARN_ABOUT_RETURN_TYPE = YES_ERROR;
				GCC_WARN_UNDECLARED_SELECTOR = YES;
				GCC_WARN_UNINITIALIZED_AUTOS = YES_AGGRESSIVE;
				GCC_WARN_UNUSED_FUNCTION = YES;
				GCC_WARN_UNUSED_VARIABLE = YES;
				IPHONEOS_DEPLOYMENT_TARGET = 17.5;
				LOCALIZATION_PREFERS_STRING_CATALOGS = YES;
				MTL_ENABLE_DEBUG_INFO = INCLUDE_SOURCE;
				MTL_FAST_MATH = YES;
				ONLY_ACTIVE_ARCH = YES;
				SDKROOT = iphoneos;
				SWIFT_ACTIVE_COMPILATION_CONDITIONS = "DEBUG $(inherited)";
				SWIFT_OPTIMIZATION_LEVEL = "-Onone";
			};
			name = Debug;
		};
		1F79EDD72CC0A25E0079088B /* Release */ = {
			isa = XCBuildConfiguration;
			buildSettings = {
				ALWAYS_SEARCH_USER_PATHS = NO;
				ASSETCATALOG_COMPILER_GENERATE_SWIFT_ASSET_SYMBOL_EXTENSIONS = YES;
				CLANG_ANALYZER_NONNULL = YES;
				CLANG_ANALYZER_NUMBER_OBJECT_CONVERSION = YES_AGGRESSIVE;
				CLANG_CXX_LANGUAGE_STANDARD = "gnu++20";
				CLANG_ENABLE_MODULES = YES;
				CLANG_ENABLE_OBJC_ARC = YES;
				CLANG_ENABLE_OBJC_WEAK = YES;
				CLANG_WARN_BLOCK_CAPTURE_AUTORELEASING = YES;
				CLANG_WARN_BOOL_CONVERSION = YES;
				CLANG_WARN_COMMA = YES;
				CLANG_WARN_CONSTANT_CONVERSION = YES;
				CLANG_WARN_DEPRECATED_OBJC_IMPLEMENTATIONS = YES;
				CLANG_WARN_DIRECT_OBJC_ISA_USAGE = YES_ERROR;
				CLANG_WARN_DOCUMENTATION_COMMENTS = YES;
				CLANG_WARN_EMPTY_BODY = YES;
				CLANG_WARN_ENUM_CONVERSION = YES;
				CLANG_WARN_INFINITE_RECURSION = YES;
				CLANG_WARN_INT_CONVERSION = YES;
				CLANG_WARN_NON_LITERAL_NULL_CONVERSION = YES;
				CLANG_WARN_OBJC_IMPLICIT_RETAIN_SELF = YES;
				CLANG_WARN_OBJC_LITERAL_CONVERSION = YES;
				CLANG_WARN_OBJC_ROOT_CLASS = YES_ERROR;
				CLANG_WARN_QUOTED_INCLUDE_IN_FRAMEWORK_HEADER = YES;
				CLANG_WARN_RANGE_LOOP_ANALYSIS = YES;
				CLANG_WARN_STRICT_PROTOTYPES = YES;
				CLANG_WARN_SUSPICIOUS_MOVE = YES;
				CLANG_WARN_UNGUARDED_AVAILABILITY = YES_AGGRESSIVE;
				CLANG_WARN_UNREACHABLE_CODE = YES;
				CLANG_WARN__DUPLICATE_METHOD_MATCH = YES;
				COPY_PHASE_STRIP = NO;
				DEBUG_INFORMATION_FORMAT = "dwarf-with-dsym";
				ENABLE_NS_ASSERTIONS = NO;
				ENABLE_STRICT_OBJC_MSGSEND = YES;
				ENABLE_USER_SCRIPT_SANDBOXING = YES;
				GCC_C_LANGUAGE_STANDARD = gnu17;
				GCC_NO_COMMON_BLOCKS = YES;
				GCC_WARN_64_TO_32_BIT_CONVERSION = YES;
				GCC_WARN_ABOUT_RETURN_TYPE = YES_ERROR;
				GCC_WARN_UNDECLARED_SELECTOR = YES;
				GCC_WARN_UNINITIALIZED_AUTOS = YES_AGGRESSIVE;
				GCC_WARN_UNUSED_FUNCTION = YES;
				GCC_WARN_UNUSED_VARIABLE = YES;
				IPHONEOS_DEPLOYMENT_TARGET = 17.5;
				LOCALIZATION_PREFERS_STRING_CATALOGS = YES;
				MTL_ENABLE_DEBUG_INFO = NO;
				MTL_FAST_MATH = YES;
				SDKROOT = iphoneos;
				SWIFT_COMPILATION_MODE = wholemodule;
				VALIDATE_PRODUCT = YES;
			};
			name = Release;
		};
		1F79EDD92CC0A25E0079088B /* Debug */ = {
			isa = XCBuildConfiguration;
			buildSettings = {
				ASSETCATALOG_COMPILER_APPICON_NAME = AppIcon;
				ASSETCATALOG_COMPILER_GLOBAL_ACCENT_COLOR_NAME = AccentColor;
				CODE_SIGN_STYLE = Automatic;
				CURRENT_PROJECT_VERSION = 1;
				DEVELOPMENT_ASSET_PATHS = "\"OneByte/Preview Content\"";
				DEVELOPMENT_TEAM = TA9TKWGKS3;
				ENABLE_PREVIEWS = YES;
				GENERATE_INFOPLIST_FILE = YES;
				INFOPLIST_KEY_UIApplicationSceneManifest_Generation = YES;
				INFOPLIST_KEY_UIApplicationSupportsIndirectInputEvents = YES;
				INFOPLIST_KEY_UILaunchScreen_Generation = YES;
				INFOPLIST_KEY_UISupportedInterfaceOrientations_iPad = "UIInterfaceOrientationPortrait UIInterfaceOrientationPortraitUpsideDown UIInterfaceOrientationLandscapeLeft UIInterfaceOrientationLandscapeRight";
				INFOPLIST_KEY_UISupportedInterfaceOrientations_iPhone = "UIInterfaceOrientationPortrait UIInterfaceOrientationLandscapeLeft UIInterfaceOrientationLandscapeRight";
				LD_RUNPATH_SEARCH_PATHS = (
					"$(inherited)",
					"@executable_path/Frameworks",
				);
				MARKETING_VERSION = 1.0;
				PRODUCT_BUNDLE_IDENTIFIER = com.san.OneByte;
				PRODUCT_NAME = "$(TARGET_NAME)";
				SWIFT_EMIT_LOC_STRINGS = YES;
				SWIFT_VERSION = 5.0;
				TARGETED_DEVICE_FAMILY = "1,2";
			};
			name = Debug;
		};
		1F79EDDA2CC0A25E0079088B /* Release */ = {
			isa = XCBuildConfiguration;
			buildSettings = {
				ASSETCATALOG_COMPILER_APPICON_NAME = AppIcon;
				ASSETCATALOG_COMPILER_GLOBAL_ACCENT_COLOR_NAME = AccentColor;
				CODE_SIGN_STYLE = Automatic;
				CURRENT_PROJECT_VERSION = 1;
				DEVELOPMENT_ASSET_PATHS = "\"OneByte/Preview Content\"";
				DEVELOPMENT_TEAM = TA9TKWGKS3;
				ENABLE_PREVIEWS = YES;
				GENERATE_INFOPLIST_FILE = YES;
				INFOPLIST_KEY_UIApplicationSceneManifest_Generation = YES;
				INFOPLIST_KEY_UIApplicationSupportsIndirectInputEvents = YES;
				INFOPLIST_KEY_UILaunchScreen_Generation = YES;
				INFOPLIST_KEY_UISupportedInterfaceOrientations_iPad = "UIInterfaceOrientationPortrait UIInterfaceOrientationPortraitUpsideDown UIInterfaceOrientationLandscapeLeft UIInterfaceOrientationLandscapeRight";
				INFOPLIST_KEY_UISupportedInterfaceOrientations_iPhone = "UIInterfaceOrientationPortrait UIInterfaceOrientationLandscapeLeft UIInterfaceOrientationLandscapeRight";
				LD_RUNPATH_SEARCH_PATHS = (
					"$(inherited)",
					"@executable_path/Frameworks",
				);
				MARKETING_VERSION = 1.0;
				PRODUCT_BUNDLE_IDENTIFIER = com.san.OneByte;
				PRODUCT_NAME = "$(TARGET_NAME)";
				SWIFT_EMIT_LOC_STRINGS = YES;
				SWIFT_VERSION = 5.0;
				TARGETED_DEVICE_FAMILY = "1,2";
			};
			name = Release;
		};
/* End XCBuildConfiguration section */

/* Begin XCConfigurationList section */
		1F79EDC52CC0A25D0079088B /* Build configuration list for PBXProject "OneByte" */ = {
			isa = XCConfigurationList;
			buildConfigurations = (
				1F79EDD62CC0A25E0079088B /* Debug */,
				1F79EDD72CC0A25E0079088B /* Release */,
			);
			defaultConfigurationIsVisible = 0;
			defaultConfigurationName = Release;
		};
		1F79EDD82CC0A25E0079088B /* Build configuration list for PBXNativeTarget "OneByte" */ = {
			isa = XCConfigurationList;
			buildConfigurations = (
				1F79EDD92CC0A25E0079088B /* Debug */,
				1F79EDDA2CC0A25E0079088B /* Release */,
			);
			defaultConfigurationIsVisible = 0;
			defaultConfigurationName = Release;
		};
/* End XCConfigurationList section */
	};
	rootObject = 1F79EDC22CC0A25D0079088B /* Project object */;
}
